// !$*UTF8*$!
{
	archiveVersion = 1;
	classes = {
	};
	objectVersion = 51;
	objects = {

/* Begin PBXBuildFile section */
		6564D324246986F600EA23D8 /* TOSendRedHeader.m in Sources */ = {isa = PBXBuildFile; fileRef = 6564D323246986F600EA23D8 /* TOSendRedHeader.m */; };
		6564D3272469870A00EA23D8 /* TOSendRedViewController.m in Sources */ = {isa = PBXBuildFile; fileRef = 6564D3262469870A00EA23D8 /* TOSendRedViewController.m */; };
		6564D32A246990BF00EA23D8 /* TORedPhotoCell.m in Sources */ = {isa = PBXBuildFile; fileRef = 6564D329246990BF00EA23D8 /* TORedPhotoCell.m */; };
		6564D32D24699E1C00EA23D8 /* TOChooseSendObjectViewController.m in Sources */ = {isa = PBXBuildFile; fileRef = 6564D32C24699E1C00EA23D8 /* TOChooseSendObjectViewController.m */; };
		6564D33024699E6300EA23D8 /* TOSendObjectCell.m in Sources */ = {isa = PBXBuildFile; fileRef = 6564D32F24699E6300EA23D8 /* TOSendObjectCell.m */; };
		65706C582465875F0087B6C1 /* TOMessageViewController.m in Sources */ = {isa = PBXBuildFile; fileRef = 65706C562465875F0087B6C1 /* TOMessageViewController.m */; };
		65706C5B246587780087B6C1 /* TOMessageCell.m in Sources */ = {isa = PBXBuildFile; fileRef = 65706C5A246587780087B6C1 /* TOMessageCell.m */; };
		65768F6024683B1900A7E804 /* TOGoodDetailViewController.m in Sources */ = {isa = PBXBuildFile; fileRef = 65768F5F24683B1900A7E804 /* TOGoodDetailViewController.m */; };
		65768F6324683DE700A7E804 /* TOTitleView1.m in Sources */ = {isa = PBXBuildFile; fileRef = 65768F6224683DE700A7E804 /* TOTitleView1.m */; };
		65768F662468409900A7E804 /* TOBannerCell.m in Sources */ = {isa = PBXBuildFile; fileRef = 65768F652468409900A7E804 /* TOBannerCell.m */; };
		65768F69246843C700A7E804 /* TOGoodTitleView.m in Sources */ = {isa = PBXBuildFile; fileRef = 65768F68246843C700A7E804 /* TOGoodTitleView.m */; };
		65768F6F24684FAE00A7E804 /* TOSpecificationView.m in Sources */ = {isa = PBXBuildFile; fileRef = 65768F6E24684FAE00A7E804 /* TOSpecificationView.m */; };
		65768F722468529F00A7E804 /* TOCreateOrderViewController.m in Sources */ = {isa = PBXBuildFile; fileRef = 65768F712468529F00A7E804 /* TOCreateOrderViewController.m */; };
		65768F752468553300A7E804 /* TOOrderAddressView.m in Sources */ = {isa = PBXBuildFile; fileRef = 65768F742468553300A7E804 /* TOOrderAddressView.m */; };
		65B7C32324659E7C005FFD9C /* TORegionView.m in Sources */ = {isa = PBXBuildFile; fileRef = 65B7C32224659E7C005FFD9C /* TORegionView.m */; };
		65CC72AA2466DF89000B2D61 /* TONewAddressViewController.m in Sources */ = {isa = PBXBuildFile; fileRef = 65CC72A92466DF89000B2D61 /* TONewAddressViewController.m */; };
		65CC72AE2466E0CA000B2D61 /* TOTitleView.m in Sources */ = {isa = PBXBuildFile; fileRef = 65CC72AD2466E0CA000B2D61 /* TOTitleView.m */; };
		65CC72B12466E0DC000B2D61 /* TOSwitchView.m in Sources */ = {isa = PBXBuildFile; fileRef = 65CC72B02466E0DC000B2D61 /* TOSwitchView.m */; };
		65CC72B62466E2D7000B2D61 /* TOPushManageViewController.m in Sources */ = {isa = PBXBuildFile; fileRef = 65CC72B52466E2D7000B2D61 /* TOPushManageViewController.m */; };
		65CC72BC2466EC58000B2D61 /* TOMyOrderViewController.m in Sources */ = {isa = PBXBuildFile; fileRef = 65CC72BB2466EC58000B2D61 /* TOMyOrderViewController.m */; };
		65CC72BF2466EC71000B2D61 /* TOOrderCell.m in Sources */ = {isa = PBXBuildFile; fileRef = 65CC72BE2466EC71000B2D61 /* TOOrderCell.m */; };
		65CC72C22466F185000B2D61 /* TOOrderListViewController.m in Sources */ = {isa = PBXBuildFile; fileRef = 65CC72C12466F185000B2D61 /* TOOrderListViewController.m */; };
		65CC72C52466FD00000B2D61 /* ZLButton.m in Sources */ = {isa = PBXBuildFile; fileRef = 65CC72C42466FD00000B2D61 /* ZLButton.m */; };
		65CC72CB246705A4000B2D61 /* TOMyWallerViewController.m in Sources */ = {isa = PBXBuildFile; fileRef = 65CC72CA246705A4000B2D61 /* TOMyWallerViewController.m */; };
		65CC72D124670C5E000B2D61 /* TOMyTeamViewController.m in Sources */ = {isa = PBXBuildFile; fileRef = 65CC72D024670C5E000B2D61 /* TOMyTeamViewController.m */; };
		65CC72D424670CA6000B2D61 /* TOMyTeamTopView.m in Sources */ = {isa = PBXBuildFile; fileRef = 65CC72D324670CA6000B2D61 /* TOMyTeamTopView.m */; };
		82DCE963C7645315EABDAFF8 /* Pods_TenToOne.framework in Frameworks */ = {isa = PBXBuildFile; fileRef = 283066B6D0F43245AE27F49F /* Pods_TenToOne.framework */; };
		BE59E338246527B400B3524C /* TOUtils.m in Sources */ = {isa = PBXBuildFile; fileRef = BE59E337246527B400B3524C /* TOUtils.m */; };
		BE59E33B24652BB700B3524C /* TOMyWalletView.m in Sources */ = {isa = PBXBuildFile; fileRef = BE59E33A24652BB700B3524C /* TOMyWalletView.m */; };
		BE59E33E2465374400B3524C /* TOMyMemberView.m in Sources */ = {isa = PBXBuildFile; fileRef = BE59E33D2465374400B3524C /* TOMyMemberView.m */; };
		BE59E34124653AB600B3524C /* TOMerchantBusinessView.m in Sources */ = {isa = PBXBuildFile; fileRef = BE59E34024653AB600B3524C /* TOMerchantBusinessView.m */; };
		BE59E3442465430000B3524C /* TOTabBarController1.m in Sources */ = {isa = PBXBuildFile; fileRef = BE59E3432465430000B3524C /* TOTabBarController1.m */; };
		BE59E348246549EE00B3524C /* TOWelfareHeader.m in Sources */ = {isa = PBXBuildFile; fileRef = BE59E347246549EE00B3524C /* TOWelfareHeader.m */; };
		BE59E34B2465518700B3524C /* TOWalfareContentView.m in Sources */ = {isa = PBXBuildFile; fileRef = BE59E34A2465518700B3524C /* TOWalfareContentView.m */; };
		BE59E34E246552E700B3524C /* TOFreeCell.m in Sources */ = {isa = PBXBuildFile; fileRef = BE59E34D246552E700B3524C /* TOFreeCell.m */; };
		BE59E351246553D500B3524C /* TOFreeHeader.m in Sources */ = {isa = PBXBuildFile; fileRef = BE59E350246553D500B3524C /* TOFreeHeader.m */; };
		BE59E355246559D100B3524C /* TOHotCell.m in Sources */ = {isa = PBXBuildFile; fileRef = BE59E354246559D100B3524C /* TOHotCell.m */; };
		BE59E359246559FA00B3524C /* UICollectionView+ARDynamicCacheHeightLayoutCell.m in Sources */ = {isa = PBXBuildFile; fileRef = BE59E358246559FA00B3524C /* UICollectionView+ARDynamicCacheHeightLayoutCell.m */; };
		BE79F8FB2466448F006545F2 /* UINavigationBar+iOS11Spacing.m in Sources */ = {isa = PBXBuildFile; fileRef = BE79F8FA2466448F006545F2 /* UINavigationBar+iOS11Spacing.m */; };
		BE79F90124664EA4006545F2 /* QiCodePreviewView.m in Sources */ = {isa = PBXBuildFile; fileRef = BE79F8FD24664EA4006545F2 /* QiCodePreviewView.m */; };
		BE79F90224664EA4006545F2 /* QiCodeManager.m in Sources */ = {isa = PBXBuildFile; fileRef = BE79F8FE24664EA4006545F2 /* QiCodeManager.m */; };
		BE79F90524664ED9006545F2 /* TOScanViewController.m in Sources */ = {isa = PBXBuildFile; fileRef = BE79F90424664ED9006545F2 /* TOScanViewController.m */; };
		BE79F90824665765006545F2 /* TOHomeNavbar.m in Sources */ = {isa = PBXBuildFile; fileRef = BE79F90724665765006545F2 /* TOHomeNavbar.m */; };
		BE79F90B2466764A006545F2 /* TOLoginViewController.m in Sources */ = {isa = PBXBuildFile; fileRef = BE79F90A2466764A006545F2 /* TOLoginViewController.m */; };
		BE79F91124667740006545F2 /* ZLTextField.m in Sources */ = {isa = PBXBuildFile; fileRef = BE79F91024667740006545F2 /* ZLTextField.m */; };
		BE79F91424667A00006545F2 /* TOSingleton.m in Sources */ = {isa = PBXBuildFile; fileRef = BE79F91324667A00006545F2 /* TOSingleton.m */; };
		BE79F91824667A35006545F2 /* TOUserModel.m in Sources */ = {isa = PBXBuildFile; fileRef = BE79F91724667A35006545F2 /* TOUserModel.m */; };
		BE79F91B24667EC3006545F2 /* TOVerifyViewController.m in Sources */ = {isa = PBXBuildFile; fileRef = BE79F91A24667EC3006545F2 /* TOVerifyViewController.m */; };
		BE79F91E24668602006545F2 /* TORedViewController.m in Sources */ = {isa = PBXBuildFile; fileRef = BE79F91D24668602006545F2 /* TORedViewController.m */; };
		BE79F92124668618006545F2 /* TORedView.m in Sources */ = {isa = PBXBuildFile; fileRef = BE79F92024668618006545F2 /* TORedView.m */; };
		BE79F92424669691006545F2 /* TOUserCell.m in Sources */ = {isa = PBXBuildFile; fileRef = BE79F92324669691006545F2 /* TOUserCell.m */; };
		BE79F9282466A069006545F2 /* TORedTopView.m in Sources */ = {isa = PBXBuildFile; fileRef = BE79F9272466A069006545F2 /* TORedTopView.m */; };
		BE79F92C2466AA64006545F2 /* TOSettingViewController.m in Sources */ = {isa = PBXBuildFile; fileRef = BE79F92B2466AA64006545F2 /* TOSettingViewController.m */; };
		BE79F9322466AECC006545F2 /* TOMyAddressViewController.m in Sources */ = {isa = PBXBuildFile; fileRef = BE79F9312466AECC006545F2 /* TOMyAddressViewController.m */; };
		BE79F9352466AEE7006545F2 /* TOAddressCell.m in Sources */ = {isa = PBXBuildFile; fileRef = BE79F9342466AEE7006545F2 /* TOAddressCell.m */; };
		BECD4BDF2468E45800DDBB36 /* UITabBarController+TabButtonType.m in Sources */ = {isa = PBXBuildFile; fileRef = BECD4BDE2468E45800DDBB36 /* UITabBarController+TabButtonType.m */; };
		BECD4BE22468EB3F00DDBB36 /* TOOrderGoodInfoView.m in Sources */ = {isa = PBXBuildFile; fileRef = BECD4BE12468EB3F00DDBB36 /* TOOrderGoodInfoView.m */; };
		BECD4BE52468EF6800DDBB36 /* TOOrderGoodSpacView.m in Sources */ = {isa = PBXBuildFile; fileRef = BECD4BE42468EF6700DDBB36 /* TOOrderGoodSpacView.m */; };
		BECD4BE82468F12500DDBB36 /* TOInputView.m in Sources */ = {isa = PBXBuildFile; fileRef = BECD4BE72468F12500DDBB36 /* TOInputView.m */; };
		BECD4BEB2468F36600DDBB36 /* TOOrderOtherView.m in Sources */ = {isa = PBXBuildFile; fileRef = BECD4BEA2468F36600DDBB36 /* TOOrderOtherView.m */; };
		BECD4BEE2468FF7F00DDBB36 /* TOShareView.m in Sources */ = {isa = PBXBuildFile; fileRef = BECD4BED2468FF7F00DDBB36 /* TOShareView.m */; };
		BECD4BF124691FF800DDBB36 /* zhImageButton.m in Sources */ = {isa = PBXBuildFile; fileRef = BECD4BF024691FF800DDBB36 /* zhImageButton.m */; };
		BEDC76DF2463E58B0041D862 /* TOBaseViewController.m in Sources */ = {isa = PBXBuildFile; fileRef = BEDC76DE2463E58B0041D862 /* TOBaseViewController.m */; };
		BEDC76E32463E5DB0041D862 /* UIResponder+deliver.m in Sources */ = {isa = PBXBuildFile; fileRef = BEDC76E12463E5DB0041D862 /* UIResponder+deliver.m */; };
		BEDC76E72463E9B30041D862 /* TOMainViewController.m in Sources */ = {isa = PBXBuildFile; fileRef = BEDC76E62463E9B30041D862 /* TOMainViewController.m */; };
		BEDC76EA2463EBE90041D862 /* TOTabBarController.m in Sources */ = {isa = PBXBuildFile; fileRef = BEDC76E92463EBE90041D862 /* TOTabBarController.m */; };
		BEDC76EE2463EC810041D862 /* TOWelfareViewController.m in Sources */ = {isa = PBXBuildFile; fileRef = BEDC76ED2463EC810041D862 /* TOWelfareViewController.m */; };
		BEDC76FA2463ECC90041D862 /* TOMeViewController.m in Sources */ = {isa = PBXBuildFile; fileRef = BEDC76F92463ECC90041D862 /* TOMeViewController.m */; };
		BEDC76FD2463ECD90041D862 /* TOHomeViewController.m in Sources */ = {isa = PBXBuildFile; fileRef = BEDC76FC2463ECD90041D862 /* TOHomeViewController.m */; };
		BEDC77002463ECE40041D862 /* TOHotViewController.m in Sources */ = {isa = PBXBuildFile; fileRef = BEDC76FF2463ECE40041D862 /* TOHotViewController.m */; };
		BEDC77022463F4B60041D862 /* Main.storyboard in Resources */ = {isa = PBXBuildFile; fileRef = BEDC77012463F4B60041D862 /* Main.storyboard */; };
		BEDC77052463FF2D0041D862 /* TOMeHeaderView.m in Sources */ = {isa = PBXBuildFile; fileRef = BEDC77042463FF2D0041D862 /* TOMeHeaderView.m */; };
		BEFE387D24639CC0009B6DD3 /* AppDelegate.m in Sources */ = {isa = PBXBuildFile; fileRef = BEFE387C24639CC0009B6DD3 /* AppDelegate.m */; };
		BEFE388024639CC0009B6DD3 /* SceneDelegate.m in Sources */ = {isa = PBXBuildFile; fileRef = BEFE387F24639CC0009B6DD3 /* SceneDelegate.m */; };
		BEFE388824639CC4009B6DD3 /* Assets.xcassets in Resources */ = {isa = PBXBuildFile; fileRef = BEFE388724639CC4009B6DD3 /* Assets.xcassets */; };
		BEFE388B24639CC4009B6DD3 /* LaunchScreen.storyboard in Resources */ = {isa = PBXBuildFile; fileRef = BEFE388924639CC4009B6DD3 /* LaunchScreen.storyboard */; };
		BEFE388E24639CC4009B6DD3 /* main.m in Sources */ = {isa = PBXBuildFile; fileRef = BEFE388D24639CC4009B6DD3 /* main.m */; };
		BEFE389824639CC5009B6DD3 /* TenToOneTests.m in Sources */ = {isa = PBXBuildFile; fileRef = BEFE389724639CC5009B6DD3 /* TenToOneTests.m */; };
		BEFE38A324639CC5009B6DD3 /* TenToOneUITests.m in Sources */ = {isa = PBXBuildFile; fileRef = BEFE38A224639CC5009B6DD3 /* TenToOneUITests.m */; };
/* End PBXBuildFile section */

/* Begin PBXContainerItemProxy section */
		BEFE389424639CC5009B6DD3 /* PBXContainerItemProxy */ = {
			isa = PBXContainerItemProxy;
			containerPortal = BEFE387024639CC0009B6DD3 /* Project object */;
			proxyType = 1;
			remoteGlobalIDString = BEFE387724639CC0009B6DD3;
			remoteInfo = TenToOne;
		};
		BEFE389F24639CC5009B6DD3 /* PBXContainerItemProxy */ = {
			isa = PBXContainerItemProxy;
			containerPortal = BEFE387024639CC0009B6DD3 /* Project object */;
			proxyType = 1;
			remoteGlobalIDString = BEFE387724639CC0009B6DD3;
			remoteInfo = TenToOne;
		};
/* End PBXContainerItemProxy section */

/* Begin PBXFileReference section */
		283066B6D0F43245AE27F49F /* Pods_TenToOne.framework */ = {isa = PBXFileReference; explicitFileType = wrapper.framework; includeInIndex = 0; path = Pods_TenToOne.framework; sourceTree = BUILT_PRODUCTS_DIR; };
		6564D322246986F600EA23D8 /* TOSendRedHeader.h */ = {isa = PBXFileReference; lastKnownFileType = sourcecode.c.h; path = TOSendRedHeader.h; sourceTree = "<group>"; };
		6564D323246986F600EA23D8 /* TOSendRedHeader.m */ = {isa = PBXFileReference; lastKnownFileType = sourcecode.c.objc; path = TOSendRedHeader.m; sourceTree = "<group>"; };
		6564D3252469870A00EA23D8 /* TOSendRedViewController.h */ = {isa = PBXFileReference; lastKnownFileType = sourcecode.c.h; path = TOSendRedViewController.h; sourceTree = "<group>"; };
		6564D3262469870A00EA23D8 /* TOSendRedViewController.m */ = {isa = PBXFileReference; lastKnownFileType = sourcecode.c.objc; path = TOSendRedViewController.m; sourceTree = "<group>"; };
		6564D328246990BF00EA23D8 /* TORedPhotoCell.h */ = {isa = PBXFileReference; lastKnownFileType = sourcecode.c.h; path = TORedPhotoCell.h; sourceTree = "<group>"; };
		6564D329246990BF00EA23D8 /* TORedPhotoCell.m */ = {isa = PBXFileReference; lastKnownFileType = sourcecode.c.objc; path = TORedPhotoCell.m; sourceTree = "<group>"; };
		6564D32B24699E1B00EA23D8 /* TOChooseSendObjectViewController.h */ = {isa = PBXFileReference; lastKnownFileType = sourcecode.c.h; path = TOChooseSendObjectViewController.h; sourceTree = "<group>"; };
		6564D32C24699E1C00EA23D8 /* TOChooseSendObjectViewController.m */ = {isa = PBXFileReference; lastKnownFileType = sourcecode.c.objc; path = TOChooseSendObjectViewController.m; sourceTree = "<group>"; };
		6564D32E24699E6300EA23D8 /* TOSendObjectCell.h */ = {isa = PBXFileReference; lastKnownFileType = sourcecode.c.h; path = TOSendObjectCell.h; sourceTree = "<group>"; };
		6564D32F24699E6300EA23D8 /* TOSendObjectCell.m */ = {isa = PBXFileReference; lastKnownFileType = sourcecode.c.objc; path = TOSendObjectCell.m; sourceTree = "<group>"; };
		65706C552465875F0087B6C1 /* TOMessageViewController.h */ = {isa = PBXFileReference; fileEncoding = 4; lastKnownFileType = sourcecode.c.h; path = TOMessageViewController.h; sourceTree = "<group>"; };
		65706C562465875F0087B6C1 /* TOMessageViewController.m */ = {isa = PBXFileReference; fileEncoding = 4; lastKnownFileType = sourcecode.c.objc; path = TOMessageViewController.m; sourceTree = "<group>"; };
		65706C59246587770087B6C1 /* TOMessageCell.h */ = {isa = PBXFileReference; lastKnownFileType = sourcecode.c.h; path = TOMessageCell.h; sourceTree = "<group>"; };
		65706C5A246587780087B6C1 /* TOMessageCell.m */ = {isa = PBXFileReference; lastKnownFileType = sourcecode.c.objc; path = TOMessageCell.m; sourceTree = "<group>"; };
		65768F5E24683B1900A7E804 /* TOGoodDetailViewController.h */ = {isa = PBXFileReference; lastKnownFileType = sourcecode.c.h; path = TOGoodDetailViewController.h; sourceTree = "<group>"; };
		65768F5F24683B1900A7E804 /* TOGoodDetailViewController.m */ = {isa = PBXFileReference; lastKnownFileType = sourcecode.c.objc; path = TOGoodDetailViewController.m; sourceTree = "<group>"; };
		65768F6124683DE700A7E804 /* TOTitleView1.h */ = {isa = PBXFileReference; lastKnownFileType = sourcecode.c.h; path = TOTitleView1.h; sourceTree = "<group>"; };
		65768F6224683DE700A7E804 /* TOTitleView1.m */ = {isa = PBXFileReference; lastKnownFileType = sourcecode.c.objc; path = TOTitleView1.m; sourceTree = "<group>"; };
		65768F642468409900A7E804 /* TOBannerCell.h */ = {isa = PBXFileReference; lastKnownFileType = sourcecode.c.h; path = TOBannerCell.h; sourceTree = "<group>"; };
		65768F652468409900A7E804 /* TOBannerCell.m */ = {isa = PBXFileReference; lastKnownFileType = sourcecode.c.objc; path = TOBannerCell.m; sourceTree = "<group>"; };
		65768F67246843C700A7E804 /* TOGoodTitleView.h */ = {isa = PBXFileReference; lastKnownFileType = sourcecode.c.h; path = TOGoodTitleView.h; sourceTree = "<group>"; };
		65768F68246843C700A7E804 /* TOGoodTitleView.m */ = {isa = PBXFileReference; lastKnownFileType = sourcecode.c.objc; path = TOGoodTitleView.m; sourceTree = "<group>"; };
		65768F6D24684FAE00A7E804 /* TOSpecificationView.h */ = {isa = PBXFileReference; lastKnownFileType = sourcecode.c.h; path = TOSpecificationView.h; sourceTree = "<group>"; };
		65768F6E24684FAE00A7E804 /* TOSpecificationView.m */ = {isa = PBXFileReference; lastKnownFileType = sourcecode.c.objc; path = TOSpecificationView.m; sourceTree = "<group>"; };
		65768F702468529F00A7E804 /* TOCreateOrderViewController.h */ = {isa = PBXFileReference; lastKnownFileType = sourcecode.c.h; path = TOCreateOrderViewController.h; sourceTree = "<group>"; };
		65768F712468529F00A7E804 /* TOCreateOrderViewController.m */ = {isa = PBXFileReference; lastKnownFileType = sourcecode.c.objc; path = TOCreateOrderViewController.m; sourceTree = "<group>"; };
		65768F732468553300A7E804 /* TOOrderAddressView.h */ = {isa = PBXFileReference; lastKnownFileType = sourcecode.c.h; path = TOOrderAddressView.h; sourceTree = "<group>"; };
		65768F742468553300A7E804 /* TOOrderAddressView.m */ = {isa = PBXFileReference; lastKnownFileType = sourcecode.c.objc; path = TOOrderAddressView.m; sourceTree = "<group>"; };
		65B7C32124659E7C005FFD9C /* TORegionView.h */ = {isa = PBXFileReference; lastKnownFileType = sourcecode.c.h; path = TORegionView.h; sourceTree = "<group>"; };
		65B7C32224659E7C005FFD9C /* TORegionView.m */ = {isa = PBXFileReference; lastKnownFileType = sourcecode.c.objc; path = TORegionView.m; sourceTree = "<group>"; };
		65CC72A82466DF89000B2D61 /* TONewAddressViewController.h */ = {isa = PBXFileReference; lastKnownFileType = sourcecode.c.h; path = TONewAddressViewController.h; sourceTree = "<group>"; };
		65CC72A92466DF89000B2D61 /* TONewAddressViewController.m */ = {isa = PBXFileReference; lastKnownFileType = sourcecode.c.objc; path = TONewAddressViewController.m; sourceTree = "<group>"; };
		65CC72AC2466E0CA000B2D61 /* TOTitleView.h */ = {isa = PBXFileReference; fileEncoding = 4; lastKnownFileType = sourcecode.c.h; path = TOTitleView.h; sourceTree = "<group>"; };
		65CC72AD2466E0CA000B2D61 /* TOTitleView.m */ = {isa = PBXFileReference; fileEncoding = 4; lastKnownFileType = sourcecode.c.objc; path = TOTitleView.m; sourceTree = "<group>"; };
		65CC72AF2466E0DC000B2D61 /* TOSwitchView.h */ = {isa = PBXFileReference; lastKnownFileType = sourcecode.c.h; path = TOSwitchView.h; sourceTree = "<group>"; };
		65CC72B02466E0DC000B2D61 /* TOSwitchView.m */ = {isa = PBXFileReference; lastKnownFileType = sourcecode.c.objc; path = TOSwitchView.m; sourceTree = "<group>"; };
		65CC72B42466E2D7000B2D61 /* TOPushManageViewController.h */ = {isa = PBXFileReference; lastKnownFileType = sourcecode.c.h; path = TOPushManageViewController.h; sourceTree = "<group>"; };
		65CC72B52466E2D7000B2D61 /* TOPushManageViewController.m */ = {isa = PBXFileReference; lastKnownFileType = sourcecode.c.objc; path = TOPushManageViewController.m; sourceTree = "<group>"; };
		65CC72BA2466EC58000B2D61 /* TOMyOrderViewController.h */ = {isa = PBXFileReference; lastKnownFileType = sourcecode.c.h; path = TOMyOrderViewController.h; sourceTree = "<group>"; };
		65CC72BB2466EC58000B2D61 /* TOMyOrderViewController.m */ = {isa = PBXFileReference; lastKnownFileType = sourcecode.c.objc; path = TOMyOrderViewController.m; sourceTree = "<group>"; };
		65CC72BD2466EC71000B2D61 /* TOOrderCell.h */ = {isa = PBXFileReference; lastKnownFileType = sourcecode.c.h; path = TOOrderCell.h; sourceTree = "<group>"; };
		65CC72BE2466EC71000B2D61 /* TOOrderCell.m */ = {isa = PBXFileReference; lastKnownFileType = sourcecode.c.objc; path = TOOrderCell.m; sourceTree = "<group>"; };
		65CC72C02466F185000B2D61 /* TOOrderListViewController.h */ = {isa = PBXFileReference; lastKnownFileType = sourcecode.c.h; path = TOOrderListViewController.h; sourceTree = "<group>"; };
		65CC72C12466F185000B2D61 /* TOOrderListViewController.m */ = {isa = PBXFileReference; lastKnownFileType = sourcecode.c.objc; path = TOOrderListViewController.m; sourceTree = "<group>"; };
		65CC72C32466FD00000B2D61 /* ZLButton.h */ = {isa = PBXFileReference; lastKnownFileType = sourcecode.c.h; path = ZLButton.h; sourceTree = "<group>"; };
		65CC72C42466FD00000B2D61 /* ZLButton.m */ = {isa = PBXFileReference; lastKnownFileType = sourcecode.c.objc; path = ZLButton.m; sourceTree = "<group>"; };
		65CC72C9246705A4000B2D61 /* TOMyWallerViewController.h */ = {isa = PBXFileReference; lastKnownFileType = sourcecode.c.h; path = TOMyWallerViewController.h; sourceTree = "<group>"; };
		65CC72CA246705A4000B2D61 /* TOMyWallerViewController.m */ = {isa = PBXFileReference; lastKnownFileType = sourcecode.c.objc; path = TOMyWallerViewController.m; sourceTree = "<group>"; };
		65CC72CF24670C5E000B2D61 /* TOMyTeamViewController.h */ = {isa = PBXFileReference; lastKnownFileType = sourcecode.c.h; path = TOMyTeamViewController.h; sourceTree = "<group>"; };
		65CC72D024670C5E000B2D61 /* TOMyTeamViewController.m */ = {isa = PBXFileReference; lastKnownFileType = sourcecode.c.objc; path = TOMyTeamViewController.m; sourceTree = "<group>"; };
		65CC72D224670CA6000B2D61 /* TOMyTeamTopView.h */ = {isa = PBXFileReference; lastKnownFileType = sourcecode.c.h; path = TOMyTeamTopView.h; sourceTree = "<group>"; };
		65CC72D324670CA6000B2D61 /* TOMyTeamTopView.m */ = {isa = PBXFileReference; lastKnownFileType = sourcecode.c.objc; path = TOMyTeamTopView.m; sourceTree = "<group>"; };
		684F99793778088B742E8D2E /* Pods-TenToOne.release.xcconfig */ = {isa = PBXFileReference; includeInIndex = 1; lastKnownFileType = text.xcconfig; name = "Pods-TenToOne.release.xcconfig"; path = "Target Support Files/Pods-TenToOne/Pods-TenToOne.release.xcconfig"; sourceTree = "<group>"; };
		BE59E336246527B400B3524C /* TOUtils.h */ = {isa = PBXFileReference; lastKnownFileType = sourcecode.c.h; path = TOUtils.h; sourceTree = "<group>"; };
		BE59E337246527B400B3524C /* TOUtils.m */ = {isa = PBXFileReference; lastKnownFileType = sourcecode.c.objc; path = TOUtils.m; sourceTree = "<group>"; };
		BE59E33924652BB700B3524C /* TOMyWalletView.h */ = {isa = PBXFileReference; lastKnownFileType = sourcecode.c.h; path = TOMyWalletView.h; sourceTree = "<group>"; };
		BE59E33A24652BB700B3524C /* TOMyWalletView.m */ = {isa = PBXFileReference; lastKnownFileType = sourcecode.c.objc; path = TOMyWalletView.m; sourceTree = "<group>"; };
		BE59E33C2465374400B3524C /* TOMyMemberView.h */ = {isa = PBXFileReference; lastKnownFileType = sourcecode.c.h; path = TOMyMemberView.h; sourceTree = "<group>"; };
		BE59E33D2465374400B3524C /* TOMyMemberView.m */ = {isa = PBXFileReference; lastKnownFileType = sourcecode.c.objc; path = TOMyMemberView.m; sourceTree = "<group>"; };
		BE59E33F24653AB600B3524C /* TOMerchantBusinessView.h */ = {isa = PBXFileReference; lastKnownFileType = sourcecode.c.h; path = TOMerchantBusinessView.h; sourceTree = "<group>"; };
		BE59E34024653AB600B3524C /* TOMerchantBusinessView.m */ = {isa = PBXFileReference; lastKnownFileType = sourcecode.c.objc; path = TOMerchantBusinessView.m; sourceTree = "<group>"; };
		BE59E3422465430000B3524C /* TOTabBarController1.h */ = {isa = PBXFileReference; lastKnownFileType = sourcecode.c.h; path = TOTabBarController1.h; sourceTree = "<group>"; };
		BE59E3432465430000B3524C /* TOTabBarController1.m */ = {isa = PBXFileReference; lastKnownFileType = sourcecode.c.objc; path = TOTabBarController1.m; sourceTree = "<group>"; };
		BE59E346246549EE00B3524C /* TOWelfareHeader.h */ = {isa = PBXFileReference; lastKnownFileType = sourcecode.c.h; path = TOWelfareHeader.h; sourceTree = "<group>"; };
		BE59E347246549EE00B3524C /* TOWelfareHeader.m */ = {isa = PBXFileReference; lastKnownFileType = sourcecode.c.objc; path = TOWelfareHeader.m; sourceTree = "<group>"; };
		BE59E3492465518700B3524C /* TOWalfareContentView.h */ = {isa = PBXFileReference; lastKnownFileType = sourcecode.c.h; path = TOWalfareContentView.h; sourceTree = "<group>"; };
		BE59E34A2465518700B3524C /* TOWalfareContentView.m */ = {isa = PBXFileReference; lastKnownFileType = sourcecode.c.objc; path = TOWalfareContentView.m; sourceTree = "<group>"; };
		BE59E34C246552E700B3524C /* TOFreeCell.h */ = {isa = PBXFileReference; lastKnownFileType = sourcecode.c.h; path = TOFreeCell.h; sourceTree = "<group>"; };
		BE59E34D246552E700B3524C /* TOFreeCell.m */ = {isa = PBXFileReference; lastKnownFileType = sourcecode.c.objc; path = TOFreeCell.m; sourceTree = "<group>"; };
		BE59E34F246553D500B3524C /* TOFreeHeader.h */ = {isa = PBXFileReference; lastKnownFileType = sourcecode.c.h; path = TOFreeHeader.h; sourceTree = "<group>"; };
		BE59E350246553D500B3524C /* TOFreeHeader.m */ = {isa = PBXFileReference; lastKnownFileType = sourcecode.c.objc; path = TOFreeHeader.m; sourceTree = "<group>"; };
		BE59E353246559D100B3524C /* TOHotCell.h */ = {isa = PBXFileReference; lastKnownFileType = sourcecode.c.h; path = TOHotCell.h; sourceTree = "<group>"; };
		BE59E354246559D100B3524C /* TOHotCell.m */ = {isa = PBXFileReference; lastKnownFileType = sourcecode.c.objc; path = TOHotCell.m; sourceTree = "<group>"; };
		BE59E357246559FA00B3524C /* UICollectionView+ARDynamicCacheHeightLayoutCell.h */ = {isa = PBXFileReference; fileEncoding = 4; lastKnownFileType = sourcecode.c.h; path = "UICollectionView+ARDynamicCacheHeightLayoutCell.h"; sourceTree = "<group>"; };
		BE59E358246559FA00B3524C /* UICollectionView+ARDynamicCacheHeightLayoutCell.m */ = {isa = PBXFileReference; fileEncoding = 4; lastKnownFileType = sourcecode.c.objc; path = "UICollectionView+ARDynamicCacheHeightLayoutCell.m"; sourceTree = "<group>"; };
		BE79F8F92466448F006545F2 /* UINavigationBar+iOS11Spacing.h */ = {isa = PBXFileReference; lastKnownFileType = sourcecode.c.h; path = "UINavigationBar+iOS11Spacing.h"; sourceTree = "<group>"; };
		BE79F8FA2466448F006545F2 /* UINavigationBar+iOS11Spacing.m */ = {isa = PBXFileReference; lastKnownFileType = sourcecode.c.objc; path = "UINavigationBar+iOS11Spacing.m"; sourceTree = "<group>"; };
		BE79F8FD24664EA4006545F2 /* QiCodePreviewView.m */ = {isa = PBXFileReference; fileEncoding = 4; lastKnownFileType = sourcecode.c.objc; path = QiCodePreviewView.m; sourceTree = "<group>"; };
		BE79F8FE24664EA4006545F2 /* QiCodeManager.m */ = {isa = PBXFileReference; fileEncoding = 4; lastKnownFileType = sourcecode.c.objc; path = QiCodeManager.m; sourceTree = "<group>"; };
		BE79F8FF24664EA4006545F2 /* QiCodePreviewView.h */ = {isa = PBXFileReference; fileEncoding = 4; lastKnownFileType = sourcecode.c.h; path = QiCodePreviewView.h; sourceTree = "<group>"; };
		BE79F90024664EA4006545F2 /* QiCodeManager.h */ = {isa = PBXFileReference; fileEncoding = 4; lastKnownFileType = sourcecode.c.h; path = QiCodeManager.h; sourceTree = "<group>"; };
		BE79F90324664ED9006545F2 /* TOScanViewController.h */ = {isa = PBXFileReference; lastKnownFileType = sourcecode.c.h; path = TOScanViewController.h; sourceTree = "<group>"; };
		BE79F90424664ED9006545F2 /* TOScanViewController.m */ = {isa = PBXFileReference; lastKnownFileType = sourcecode.c.objc; path = TOScanViewController.m; sourceTree = "<group>"; };
		BE79F90624665765006545F2 /* TOHomeNavbar.h */ = {isa = PBXFileReference; lastKnownFileType = sourcecode.c.h; path = TOHomeNavbar.h; sourceTree = "<group>"; };
		BE79F90724665765006545F2 /* TOHomeNavbar.m */ = {isa = PBXFileReference; lastKnownFileType = sourcecode.c.objc; path = TOHomeNavbar.m; sourceTree = "<group>"; };
		BE79F9092466764A006545F2 /* TOLoginViewController.h */ = {isa = PBXFileReference; lastKnownFileType = sourcecode.c.h; path = TOLoginViewController.h; sourceTree = "<group>"; };
		BE79F90A2466764A006545F2 /* TOLoginViewController.m */ = {isa = PBXFileReference; lastKnownFileType = sourcecode.c.objc; path = TOLoginViewController.m; sourceTree = "<group>"; };
		BE79F90F24667740006545F2 /* ZLTextField.h */ = {isa = PBXFileReference; lastKnownFileType = sourcecode.c.h; path = ZLTextField.h; sourceTree = "<group>"; };
		BE79F91024667740006545F2 /* ZLTextField.m */ = {isa = PBXFileReference; lastKnownFileType = sourcecode.c.objc; path = ZLTextField.m; sourceTree = "<group>"; };
		BE79F91224667A00006545F2 /* TOSingleton.h */ = {isa = PBXFileReference; lastKnownFileType = sourcecode.c.h; path = TOSingleton.h; sourceTree = "<group>"; };
		BE79F91324667A00006545F2 /* TOSingleton.m */ = {isa = PBXFileReference; lastKnownFileType = sourcecode.c.objc; path = TOSingleton.m; sourceTree = "<group>"; };
		BE79F91624667A35006545F2 /* TOUserModel.h */ = {isa = PBXFileReference; lastKnownFileType = sourcecode.c.h; path = TOUserModel.h; sourceTree = "<group>"; };
		BE79F91724667A35006545F2 /* TOUserModel.m */ = {isa = PBXFileReference; lastKnownFileType = sourcecode.c.objc; path = TOUserModel.m; sourceTree = "<group>"; };
		BE79F91924667EC3006545F2 /* TOVerifyViewController.h */ = {isa = PBXFileReference; lastKnownFileType = sourcecode.c.h; path = TOVerifyViewController.h; sourceTree = "<group>"; };
		BE79F91A24667EC3006545F2 /* TOVerifyViewController.m */ = {isa = PBXFileReference; lastKnownFileType = sourcecode.c.objc; path = TOVerifyViewController.m; sourceTree = "<group>"; };
		BE79F91C24668602006545F2 /* TORedViewController.h */ = {isa = PBXFileReference; lastKnownFileType = sourcecode.c.h; path = TORedViewController.h; sourceTree = "<group>"; };
		BE79F91D24668602006545F2 /* TORedViewController.m */ = {isa = PBXFileReference; lastKnownFileType = sourcecode.c.objc; path = TORedViewController.m; sourceTree = "<group>"; };
		BE79F91F24668618006545F2 /* TORedView.h */ = {isa = PBXFileReference; lastKnownFileType = sourcecode.c.h; path = TORedView.h; sourceTree = "<group>"; };
		BE79F92024668618006545F2 /* TORedView.m */ = {isa = PBXFileReference; lastKnownFileType = sourcecode.c.objc; path = TORedView.m; sourceTree = "<group>"; };
		BE79F92224669691006545F2 /* TOUserCell.h */ = {isa = PBXFileReference; lastKnownFileType = sourcecode.c.h; path = TOUserCell.h; sourceTree = "<group>"; };
		BE79F92324669691006545F2 /* TOUserCell.m */ = {isa = PBXFileReference; lastKnownFileType = sourcecode.c.objc; path = TOUserCell.m; sourceTree = "<group>"; };
		BE79F9262466A069006545F2 /* TORedTopView.h */ = {isa = PBXFileReference; lastKnownFileType = sourcecode.c.h; path = TORedTopView.h; sourceTree = "<group>"; };
		BE79F9272466A069006545F2 /* TORedTopView.m */ = {isa = PBXFileReference; lastKnownFileType = sourcecode.c.objc; path = TORedTopView.m; sourceTree = "<group>"; };
		BE79F92A2466AA64006545F2 /* TOSettingViewController.h */ = {isa = PBXFileReference; lastKnownFileType = sourcecode.c.h; path = TOSettingViewController.h; sourceTree = "<group>"; };
		BE79F92B2466AA64006545F2 /* TOSettingViewController.m */ = {isa = PBXFileReference; lastKnownFileType = sourcecode.c.objc; path = TOSettingViewController.m; sourceTree = "<group>"; };
		BE79F9302466AECC006545F2 /* TOMyAddressViewController.h */ = {isa = PBXFileReference; lastKnownFileType = sourcecode.c.h; path = TOMyAddressViewController.h; sourceTree = "<group>"; };
		BE79F9312466AECC006545F2 /* TOMyAddressViewController.m */ = {isa = PBXFileReference; lastKnownFileType = sourcecode.c.objc; path = TOMyAddressViewController.m; sourceTree = "<group>"; };
		BE79F9332466AEE7006545F2 /* TOAddressCell.h */ = {isa = PBXFileReference; lastKnownFileType = sourcecode.c.h; path = TOAddressCell.h; sourceTree = "<group>"; };
		BE79F9342466AEE7006545F2 /* TOAddressCell.m */ = {isa = PBXFileReference; lastKnownFileType = sourcecode.c.objc; path = TOAddressCell.m; sourceTree = "<group>"; };
		BECD4BDD2468E45800DDBB36 /* UITabBarController+TabButtonType.h */ = {isa = PBXFileReference; lastKnownFileType = sourcecode.c.h; path = "UITabBarController+TabButtonType.h"; sourceTree = "<group>"; };
		BECD4BDE2468E45800DDBB36 /* UITabBarController+TabButtonType.m */ = {isa = PBXFileReference; lastKnownFileType = sourcecode.c.objc; path = "UITabBarController+TabButtonType.m"; sourceTree = "<group>"; };
		BECD4BE02468EB3F00DDBB36 /* TOOrderGoodInfoView.h */ = {isa = PBXFileReference; lastKnownFileType = sourcecode.c.h; path = TOOrderGoodInfoView.h; sourceTree = "<group>"; };
		BECD4BE12468EB3F00DDBB36 /* TOOrderGoodInfoView.m */ = {isa = PBXFileReference; lastKnownFileType = sourcecode.c.objc; path = TOOrderGoodInfoView.m; sourceTree = "<group>"; };
		BECD4BE32468EF6700DDBB36 /* TOOrderGoodSpacView.h */ = {isa = PBXFileReference; lastKnownFileType = sourcecode.c.h; path = TOOrderGoodSpacView.h; sourceTree = "<group>"; };
		BECD4BE42468EF6700DDBB36 /* TOOrderGoodSpacView.m */ = {isa = PBXFileReference; lastKnownFileType = sourcecode.c.objc; path = TOOrderGoodSpacView.m; sourceTree = "<group>"; };
		BECD4BE62468F12500DDBB36 /* TOInputView.h */ = {isa = PBXFileReference; lastKnownFileType = sourcecode.c.h; path = TOInputView.h; sourceTree = "<group>"; };
		BECD4BE72468F12500DDBB36 /* TOInputView.m */ = {isa = PBXFileReference; lastKnownFileType = sourcecode.c.objc; path = TOInputView.m; sourceTree = "<group>"; };
		BECD4BE92468F36600DDBB36 /* TOOrderOtherView.h */ = {isa = PBXFileReference; lastKnownFileType = sourcecode.c.h; path = TOOrderOtherView.h; sourceTree = "<group>"; };
		BECD4BEA2468F36600DDBB36 /* TOOrderOtherView.m */ = {isa = PBXFileReference; lastKnownFileType = sourcecode.c.objc; path = TOOrderOtherView.m; sourceTree = "<group>"; };
		BECD4BEC2468FF7F00DDBB36 /* TOShareView.h */ = {isa = PBXFileReference; lastKnownFileType = sourcecode.c.h; path = TOShareView.h; sourceTree = "<group>"; };
		BECD4BED2468FF7F00DDBB36 /* TOShareView.m */ = {isa = PBXFileReference; lastKnownFileType = sourcecode.c.objc; path = TOShareView.m; sourceTree = "<group>"; };
		BECD4BEF24691FF800DDBB36 /* zhImageButton.h */ = {isa = PBXFileReference; fileEncoding = 4; lastKnownFileType = sourcecode.c.h; path = zhImageButton.h; sourceTree = "<group>"; };
		BECD4BF024691FF800DDBB36 /* zhImageButton.m */ = {isa = PBXFileReference; fileEncoding = 4; lastKnownFileType = sourcecode.c.objc; path = zhImageButton.m; sourceTree = "<group>"; };
		BEDC76DD2463E58B0041D862 /* TOBaseViewController.h */ = {isa = PBXFileReference; lastKnownFileType = sourcecode.c.h; path = TOBaseViewController.h; sourceTree = "<group>"; };
		BEDC76DE2463E58B0041D862 /* TOBaseViewController.m */ = {isa = PBXFileReference; lastKnownFileType = sourcecode.c.objc; path = TOBaseViewController.m; sourceTree = "<group>"; };
		BEDC76E12463E5DB0041D862 /* UIResponder+deliver.m */ = {isa = PBXFileReference; fileEncoding = 4; lastKnownFileType = sourcecode.c.objc; path = "UIResponder+deliver.m"; sourceTree = "<group>"; };
		BEDC76E22463E5DB0041D862 /* UIResponder+deliver.h */ = {isa = PBXFileReference; fileEncoding = 4; lastKnownFileType = sourcecode.c.h; path = "UIResponder+deliver.h"; sourceTree = "<group>"; };
		BEDC76E42463E6670041D862 /* PrefixHeader.pch */ = {isa = PBXFileReference; lastKnownFileType = sourcecode.c.h; path = PrefixHeader.pch; sourceTree = "<group>"; };
		BEDC76E52463E9B30041D862 /* TOMainViewController.h */ = {isa = PBXFileReference; lastKnownFileType = sourcecode.c.h; path = TOMainViewController.h; sourceTree = "<group>"; };
		BEDC76E62463E9B30041D862 /* TOMainViewController.m */ = {isa = PBXFileReference; lastKnownFileType = sourcecode.c.objc; path = TOMainViewController.m; sourceTree = "<group>"; };
		BEDC76E82463EBE90041D862 /* TOTabBarController.h */ = {isa = PBXFileReference; lastKnownFileType = sourcecode.c.h; path = TOTabBarController.h; sourceTree = "<group>"; };
		BEDC76E92463EBE90041D862 /* TOTabBarController.m */ = {isa = PBXFileReference; lastKnownFileType = sourcecode.c.objc; path = TOTabBarController.m; sourceTree = "<group>"; };
		BEDC76EC2463EC810041D862 /* TOWelfareViewController.h */ = {isa = PBXFileReference; lastKnownFileType = sourcecode.c.h; path = TOWelfareViewController.h; sourceTree = "<group>"; };
		BEDC76ED2463EC810041D862 /* TOWelfareViewController.m */ = {isa = PBXFileReference; lastKnownFileType = sourcecode.c.objc; path = TOWelfareViewController.m; sourceTree = "<group>"; };
		BEDC76F82463ECC90041D862 /* TOMeViewController.h */ = {isa = PBXFileReference; lastKnownFileType = sourcecode.c.h; path = TOMeViewController.h; sourceTree = "<group>"; };
		BEDC76F92463ECC90041D862 /* TOMeViewController.m */ = {isa = PBXFileReference; lastKnownFileType = sourcecode.c.objc; path = TOMeViewController.m; sourceTree = "<group>"; };
		BEDC76FB2463ECD90041D862 /* TOHomeViewController.h */ = {isa = PBXFileReference; lastKnownFileType = sourcecode.c.h; path = TOHomeViewController.h; sourceTree = "<group>"; };
		BEDC76FC2463ECD90041D862 /* TOHomeViewController.m */ = {isa = PBXFileReference; lastKnownFileType = sourcecode.c.objc; path = TOHomeViewController.m; sourceTree = "<group>"; };
		BEDC76FE2463ECE40041D862 /* TOHotViewController.h */ = {isa = PBXFileReference; lastKnownFileType = sourcecode.c.h; path = TOHotViewController.h; sourceTree = "<group>"; };
		BEDC76FF2463ECE40041D862 /* TOHotViewController.m */ = {isa = PBXFileReference; lastKnownFileType = sourcecode.c.objc; path = TOHotViewController.m; sourceTree = "<group>"; };
		BEDC77012463F4B60041D862 /* Main.storyboard */ = {isa = PBXFileReference; fileEncoding = 4; lastKnownFileType = file.storyboard; path = Main.storyboard; sourceTree = "<group>"; };
		BEDC77032463FF2D0041D862 /* TOMeHeaderView.h */ = {isa = PBXFileReference; lastKnownFileType = sourcecode.c.h; path = TOMeHeaderView.h; sourceTree = "<group>"; };
		BEDC77042463FF2D0041D862 /* TOMeHeaderView.m */ = {isa = PBXFileReference; lastKnownFileType = sourcecode.c.objc; path = TOMeHeaderView.m; sourceTree = "<group>"; };
		BEFE387824639CC0009B6DD3 /* 奇十友.app */ = {isa = PBXFileReference; explicitFileType = wrapper.application; includeInIndex = 0; path = "奇十友.app"; sourceTree = BUILT_PRODUCTS_DIR; };
		BEFE387B24639CC0009B6DD3 /* AppDelegate.h */ = {isa = PBXFileReference; lastKnownFileType = sourcecode.c.h; path = AppDelegate.h; sourceTree = "<group>"; };
		BEFE387C24639CC0009B6DD3 /* AppDelegate.m */ = {isa = PBXFileReference; lastKnownFileType = sourcecode.c.objc; path = AppDelegate.m; sourceTree = "<group>"; };
		BEFE387E24639CC0009B6DD3 /* SceneDelegate.h */ = {isa = PBXFileReference; lastKnownFileType = sourcecode.c.h; path = SceneDelegate.h; sourceTree = "<group>"; };
		BEFE387F24639CC0009B6DD3 /* SceneDelegate.m */ = {isa = PBXFileReference; lastKnownFileType = sourcecode.c.objc; path = SceneDelegate.m; sourceTree = "<group>"; };
		BEFE388724639CC4009B6DD3 /* Assets.xcassets */ = {isa = PBXFileReference; lastKnownFileType = folder.assetcatalog; path = Assets.xcassets; sourceTree = "<group>"; };
		BEFE388A24639CC4009B6DD3 /* Base */ = {isa = PBXFileReference; lastKnownFileType = file.storyboard; name = Base; path = Base.lproj/LaunchScreen.storyboard; sourceTree = "<group>"; };
		BEFE388C24639CC4009B6DD3 /* Info.plist */ = {isa = PBXFileReference; lastKnownFileType = text.plist.xml; path = Info.plist; sourceTree = "<group>"; };
		BEFE388D24639CC4009B6DD3 /* main.m */ = {isa = PBXFileReference; lastKnownFileType = sourcecode.c.objc; path = main.m; sourceTree = "<group>"; };
		BEFE389324639CC5009B6DD3 /* TenToOneTests.xctest */ = {isa = PBXFileReference; explicitFileType = wrapper.cfbundle; includeInIndex = 0; path = TenToOneTests.xctest; sourceTree = BUILT_PRODUCTS_DIR; };
		BEFE389724639CC5009B6DD3 /* TenToOneTests.m */ = {isa = PBXFileReference; lastKnownFileType = sourcecode.c.objc; path = TenToOneTests.m; sourceTree = "<group>"; };
		BEFE389924639CC5009B6DD3 /* Info.plist */ = {isa = PBXFileReference; lastKnownFileType = text.plist.xml; path = Info.plist; sourceTree = "<group>"; };
		BEFE389E24639CC5009B6DD3 /* TenToOneUITests.xctest */ = {isa = PBXFileReference; explicitFileType = wrapper.cfbundle; includeInIndex = 0; path = TenToOneUITests.xctest; sourceTree = BUILT_PRODUCTS_DIR; };
		BEFE38A224639CC5009B6DD3 /* TenToOneUITests.m */ = {isa = PBXFileReference; lastKnownFileType = sourcecode.c.objc; path = TenToOneUITests.m; sourceTree = "<group>"; };
		BEFE38A424639CC5009B6DD3 /* Info.plist */ = {isa = PBXFileReference; lastKnownFileType = text.plist.xml; path = Info.plist; sourceTree = "<group>"; };
		F72412F439DC99EC5956BA76 /* Pods-TenToOne.debug.xcconfig */ = {isa = PBXFileReference; includeInIndex = 1; lastKnownFileType = text.xcconfig; name = "Pods-TenToOne.debug.xcconfig"; path = "Target Support Files/Pods-TenToOne/Pods-TenToOne.debug.xcconfig"; sourceTree = "<group>"; };
/* End PBXFileReference section */

/* Begin PBXFrameworksBuildPhase section */
		BEFE387524639CC0009B6DD3 /* Frameworks */ = {
			isa = PBXFrameworksBuildPhase;
			buildActionMask = 2147483647;
			files = (
				82DCE963C7645315EABDAFF8 /* Pods_TenToOne.framework in Frameworks */,
			);
			runOnlyForDeploymentPostprocessing = 0;
		};
		BEFE389024639CC5009B6DD3 /* Frameworks */ = {
			isa = PBXFrameworksBuildPhase;
			buildActionMask = 2147483647;
			files = (
			);
			runOnlyForDeploymentPostprocessing = 0;
		};
		BEFE389B24639CC5009B6DD3 /* Frameworks */ = {
			isa = PBXFrameworksBuildPhase;
			buildActionMask = 2147483647;
			files = (
			);
			runOnlyForDeploymentPostprocessing = 0;
		};
/* End PBXFrameworksBuildPhase section */

/* Begin PBXGroup section */
		2A47B9C442A933E2F6562050 /* Pods */ = {
			isa = PBXGroup;
			children = (
				F72412F439DC99EC5956BA76 /* Pods-TenToOne.debug.xcconfig */,
				684F99793778088B742E8D2E /* Pods-TenToOne.release.xcconfig */,
			);
			path = Pods;
			sourceTree = "<group>";
		};
		6564D31F2469869700EA23D8 /* 发红包 */ = {
			isa = PBXGroup;
			children = (
				6564D3202469869700EA23D8 /* view */,
				6564D3212469869700EA23D8 /* viewcontroller */,
			);
			path = "发红包";
			sourceTree = "<group>";
		};
		6564D3202469869700EA23D8 /* view */ = {
			isa = PBXGroup;
			children = (
				6564D322246986F600EA23D8 /* TOSendRedHeader.h */,
				6564D323246986F600EA23D8 /* TOSendRedHeader.m */,
				6564D328246990BF00EA23D8 /* TORedPhotoCell.h */,
				6564D329246990BF00EA23D8 /* TORedPhotoCell.m */,
				6564D32E24699E6300EA23D8 /* TOSendObjectCell.h */,
				6564D32F24699E6300EA23D8 /* TOSendObjectCell.m */,
			);
			path = view;
			sourceTree = "<group>";
		};
		6564D3212469869700EA23D8 /* viewcontroller */ = {
			isa = PBXGroup;
			children = (
				6564D3252469870A00EA23D8 /* TOSendRedViewController.h */,
				6564D3262469870A00EA23D8 /* TOSendRedViewController.m */,
				6564D32B24699E1B00EA23D8 /* TOChooseSendObjectViewController.h */,
				6564D32C24699E1C00EA23D8 /* TOChooseSendObjectViewController.m */,
			);
			path = viewcontroller;
			sourceTree = "<group>";
		};
		65706C542465875F0087B6C1 /* viewcontroller */ = {
			isa = PBXGroup;
			children = (
				65706C552465875F0087B6C1 /* TOMessageViewController.h */,
				65706C562465875F0087B6C1 /* TOMessageViewController.m */,
			);
			path = viewcontroller;
			sourceTree = "<group>";
		};
		65706C572465875F0087B6C1 /* view */ = {
			isa = PBXGroup;
			children = (
				65706C59246587770087B6C1 /* TOMessageCell.h */,
				65706C5A246587780087B6C1 /* TOMessageCell.m */,
			);
			path = view;
			sourceTree = "<group>";
		};
		65768F5B24683A1200A7E804 /* 商品详情 */ = {
			isa = PBXGroup;
			children = (
				65768F5C24683A1200A7E804 /* view */,
				65768F5D24683A1200A7E804 /* viewcontroller */,
			);
			path = "商品详情";
			sourceTree = "<group>";
		};
		65768F5C24683A1200A7E804 /* view */ = {
			isa = PBXGroup;
			children = (
				65768F642468409900A7E804 /* TOBannerCell.h */,
				65768F652468409900A7E804 /* TOBannerCell.m */,
				65768F67246843C700A7E804 /* TOGoodTitleView.h */,
				65768F68246843C700A7E804 /* TOGoodTitleView.m */,
				65768F6D24684FAE00A7E804 /* TOSpecificationView.h */,
				65768F6E24684FAE00A7E804 /* TOSpecificationView.m */,
				BECD4BEC2468FF7F00DDBB36 /* TOShareView.h */,
				BECD4BED2468FF7F00DDBB36 /* TOShareView.m */,
			);
			path = view;
			sourceTree = "<group>";
		};
		65768F5D24683A1200A7E804 /* viewcontroller */ = {
			isa = PBXGroup;
			children = (
				65768F5E24683B1900A7E804 /* TOGoodDetailViewController.h */,
				65768F5F24683B1900A7E804 /* TOGoodDetailViewController.m */,
			);
			path = viewcontroller;
			sourceTree = "<group>";
		};
		65768F6A24684F9000A7E804 /* 创建订单 */ = {
			isa = PBXGroup;
			children = (
				65768F6B24684F9000A7E804 /* view */,
				65768F6C24684F9000A7E804 /* viewcontroller */,
			);
			path = "创建订单";
			sourceTree = "<group>";
		};
		65768F6B24684F9000A7E804 /* view */ = {
			isa = PBXGroup;
			children = (
				65768F732468553300A7E804 /* TOOrderAddressView.h */,
				65768F742468553300A7E804 /* TOOrderAddressView.m */,
				BECD4BE02468EB3F00DDBB36 /* TOOrderGoodInfoView.h */,
				BECD4BE12468EB3F00DDBB36 /* TOOrderGoodInfoView.m */,
				BECD4BE32468EF6700DDBB36 /* TOOrderGoodSpacView.h */,
				BECD4BE42468EF6700DDBB36 /* TOOrderGoodSpacView.m */,
				BECD4BE92468F36600DDBB36 /* TOOrderOtherView.h */,
				BECD4BEA2468F36600DDBB36 /* TOOrderOtherView.m */,
			);
			path = view;
			sourceTree = "<group>";
		};
		65768F6C24684F9000A7E804 /* viewcontroller */ = {
			isa = PBXGroup;
			children = (
				65768F702468529F00A7E804 /* TOCreateOrderViewController.h */,
				65768F712468529F00A7E804 /* TOCreateOrderViewController.m */,
			);
			path = viewcontroller;
			sourceTree = "<group>";
		};
		65B7C32024659E4C005FFD9C /* view */ = {
			isa = PBXGroup;
			children = (
				65B7C32124659E7C005FFD9C /* TORegionView.h */,
				65B7C32224659E7C005FFD9C /* TORegionView.m */,
				BE79F90624665765006545F2 /* TOHomeNavbar.h */,
				BE79F90724665765006545F2 /* TOHomeNavbar.m */,
			);
			path = view;
			sourceTree = "<group>";
		};
		65CC72AB2466E0CA000B2D61 /* 常用view */ = {
			isa = PBXGroup;
			children = (
				BECD4BEF24691FF800DDBB36 /* zhImageButton.h */,
				BECD4BF024691FF800DDBB36 /* zhImageButton.m */,
				65CC72AC2466E0CA000B2D61 /* TOTitleView.h */,
				65CC72AD2466E0CA000B2D61 /* TOTitleView.m */,
				65CC72AF2466E0DC000B2D61 /* TOSwitchView.h */,
				65CC72B02466E0DC000B2D61 /* TOSwitchView.m */,
				65CC72C32466FD00000B2D61 /* ZLButton.h */,
				65CC72C42466FD00000B2D61 /* ZLButton.m */,
				65768F6124683DE700A7E804 /* TOTitleView1.h */,
				65768F6224683DE700A7E804 /* TOTitleView1.m */,
				BECD4BE62468F12500DDBB36 /* TOInputView.h */,
				BECD4BE72468F12500DDBB36 /* TOInputView.m */,
			);
			path = "常用view";
			sourceTree = "<group>";
		};
		65CC72B22466E298000B2D61 /* 消息管理 */ = {
			isa = PBXGroup;
			children = (
				65CC72B32466E298000B2D61 /* viewcontroller */,
			);
			path = "消息管理";
			sourceTree = "<group>";
		};
		65CC72B32466E298000B2D61 /* viewcontroller */ = {
			isa = PBXGroup;
			children = (
				65CC72B42466E2D7000B2D61 /* TOPushManageViewController.h */,
				65CC72B52466E2D7000B2D61 /* TOPushManageViewController.m */,
			);
			path = viewcontroller;
			sourceTree = "<group>";
		};
		65CC72B72466EC49000B2D61 /* 我的订单 */ = {
			isa = PBXGroup;
			children = (
				65CC72B82466EC49000B2D61 /* view */,
				65CC72B92466EC49000B2D61 /* viewcontroller */,
			);
			path = "我的订单";
			sourceTree = "<group>";
		};
		65CC72B82466EC49000B2D61 /* view */ = {
			isa = PBXGroup;
			children = (
				65CC72BD2466EC71000B2D61 /* TOOrderCell.h */,
				65CC72BE2466EC71000B2D61 /* TOOrderCell.m */,
			);
			path = view;
			sourceTree = "<group>";
		};
		65CC72B92466EC49000B2D61 /* viewcontroller */ = {
			isa = PBXGroup;
			children = (
				65CC72BA2466EC58000B2D61 /* TOMyOrderViewController.h */,
				65CC72BB2466EC58000B2D61 /* TOMyOrderViewController.m */,
				65CC72C02466F185000B2D61 /* TOOrderListViewController.h */,
				65CC72C12466F185000B2D61 /* TOOrderListViewController.m */,
			);
			path = viewcontroller;
			sourceTree = "<group>";
		};
		65CC72C62467058C000B2D61 /* 我的钱包 */ = {
			isa = PBXGroup;
			children = (
				65CC72C72467058C000B2D61 /* view */,
				65CC72C82467058C000B2D61 /* viewcontroller */,
			);
			path = "我的钱包";
			sourceTree = "<group>";
		};
		65CC72C72467058C000B2D61 /* view */ = {
			isa = PBXGroup;
			children = (
			);
			path = view;
			sourceTree = "<group>";
		};
		65CC72C82467058C000B2D61 /* viewcontroller */ = {
			isa = PBXGroup;
			children = (
				65CC72C9246705A4000B2D61 /* TOMyWallerViewController.h */,
				65CC72CA246705A4000B2D61 /* TOMyWallerViewController.m */,
			);
			path = viewcontroller;
			sourceTree = "<group>";
		};
		65CC72CC24670C4A000B2D61 /* 我的团队 */ = {
			isa = PBXGroup;
			children = (
				65CC72CD24670C4A000B2D61 /* view */,
				65CC72CE24670C4A000B2D61 /* viewcontroller */,
			);
			path = "我的团队";
			sourceTree = "<group>";
		};
		65CC72CD24670C4A000B2D61 /* view */ = {
			isa = PBXGroup;
			children = (
				65CC72D224670CA6000B2D61 /* TOMyTeamTopView.h */,
				65CC72D324670CA6000B2D61 /* TOMyTeamTopView.m */,
			);
			path = view;
			sourceTree = "<group>";
		};
		65CC72CE24670C4A000B2D61 /* viewcontroller */ = {
			isa = PBXGroup;
			children = (
				65CC72CF24670C5E000B2D61 /* TOMyTeamViewController.h */,
				65CC72D024670C5E000B2D61 /* TOMyTeamViewController.m */,
			);
			path = viewcontroller;
			sourceTree = "<group>";
		};
		BE59E3452465499D00B3524C /* view */ = {
			isa = PBXGroup;
			children = (
				BE79F9252466A054006545F2 /* 红包顶部页面 */,
				BE59E346246549EE00B3524C /* TOWelfareHeader.h */,
				BE59E347246549EE00B3524C /* TOWelfareHeader.m */,
				BE59E3492465518700B3524C /* TOWalfareContentView.h */,
				BE59E34A2465518700B3524C /* TOWalfareContentView.m */,
				BE59E34C246552E700B3524C /* TOFreeCell.h */,
				BE59E34D246552E700B3524C /* TOFreeCell.m */,
				BE59E34F246553D500B3524C /* TOFreeHeader.h */,
				BE59E350246553D500B3524C /* TOFreeHeader.m */,
				BE79F91F24668618006545F2 /* TORedView.h */,
				BE79F92024668618006545F2 /* TORedView.m */,
				BE79F92224669691006545F2 /* TOUserCell.h */,
				BE79F92324669691006545F2 /* TOUserCell.m */,
			);
			path = view;
			sourceTree = "<group>";
		};
		BE59E352246559BA00B3524C /* view */ = {
			isa = PBXGroup;
			children = (
				BE59E353246559D100B3524C /* TOHotCell.h */,
				BE59E354246559D100B3524C /* TOHotCell.m */,
			);
			path = view;
			sourceTree = "<group>";
		};
		BE59E356246559FA00B3524C /* UICollectionView+ARDynamicHeightLayoutCell */ = {
			isa = PBXGroup;
			children = (
				BE59E357246559FA00B3524C /* UICollectionView+ARDynamicCacheHeightLayoutCell.h */,
				BE59E358246559FA00B3524C /* UICollectionView+ARDynamicCacheHeightLayoutCell.m */,
			);
			path = "UICollectionView+ARDynamicHeightLayoutCell";
			sourceTree = "<group>";
		};
		BE79F8FC24664EA4006545F2 /* QiCodeReader */ = {
			isa = PBXGroup;
			children = (
				BE79F8FD24664EA4006545F2 /* QiCodePreviewView.m */,
				BE79F8FE24664EA4006545F2 /* QiCodeManager.m */,
				BE79F8FF24664EA4006545F2 /* QiCodePreviewView.h */,
				BE79F90024664EA4006545F2 /* QiCodeManager.h */,
			);
			path = QiCodeReader;
			sourceTree = "<group>";
		};
		BE79F90C24667652006545F2 /* view */ = {
			isa = PBXGroup;
			children = (
			);
			path = view;
			sourceTree = "<group>";
		};
		BE79F90D24667652006545F2 /* viewcontroller */ = {
			isa = PBXGroup;
			children = (
				BE79F9092466764A006545F2 /* TOLoginViewController.h */,
				BE79F90A2466764A006545F2 /* TOLoginViewController.m */,
				BE79F91924667EC3006545F2 /* TOVerifyViewController.h */,
				BE79F91A24667EC3006545F2 /* TOVerifyViewController.m */,
			);
			path = viewcontroller;
			sourceTree = "<group>";
		};
		BE79F90E24667725006545F2 /* ZLTextField */ = {
			isa = PBXGroup;
			children = (
				BE79F90F24667740006545F2 /* ZLTextField.h */,
				BE79F91024667740006545F2 /* ZLTextField.m */,
			);
			path = ZLTextField;
			sourceTree = "<group>";
		};
		BE79F91524667A1F006545F2 /* model */ = {
			isa = PBXGroup;
			children = (
				BE79F91624667A35006545F2 /* TOUserModel.h */,
				BE79F91724667A35006545F2 /* TOUserModel.m */,
			);
			path = model;
			sourceTree = "<group>";
		};
		BE79F9252466A054006545F2 /* 红包顶部页面 */ = {
			isa = PBXGroup;
			children = (
				BE79F9262466A069006545F2 /* TORedTopView.h */,
				BE79F9272466A069006545F2 /* TORedTopView.m */,
			);
			path = "红包顶部页面";
			sourceTree = "<group>";
		};
		BE79F9292466AA4E006545F2 /* 设置板块 */ = {
			isa = PBXGroup;
			children = (
				65CC72B22466E298000B2D61 /* 消息管理 */,
				BE79F92D2466AEBA006545F2 /* 地址管理 */,
				BE79F92A2466AA64006545F2 /* TOSettingViewController.h */,
				BE79F92B2466AA64006545F2 /* TOSettingViewController.m */,
			);
			path = "设置板块";
			sourceTree = "<group>";
		};
		BE79F92D2466AEBA006545F2 /* 地址管理 */ = {
			isa = PBXGroup;
			children = (
				BE79F92E2466AEBA006545F2 /* view */,
				BE79F92F2466AEBA006545F2 /* viewcontroller */,
			);
			path = "地址管理";
			sourceTree = "<group>";
		};
		BE79F92E2466AEBA006545F2 /* view */ = {
			isa = PBXGroup;
			children = (
				BE79F9332466AEE7006545F2 /* TOAddressCell.h */,
				BE79F9342466AEE7006545F2 /* TOAddressCell.m */,
			);
			path = view;
			sourceTree = "<group>";
		};
		BE79F92F2466AEBA006545F2 /* viewcontroller */ = {
			isa = PBXGroup;
			children = (
				BE79F9302466AECC006545F2 /* TOMyAddressViewController.h */,
				BE79F9312466AECC006545F2 /* TOMyAddressViewController.m */,
				65CC72A82466DF89000B2D61 /* TONewAddressViewController.h */,
				65CC72A92466DF89000B2D61 /* TONewAddressViewController.m */,
			);
			path = viewcontroller;
			sourceTree = "<group>";
		};
		BECD4BDC2468E43600DDBB36 /* 分类 */ = {
			isa = PBXGroup;
			children = (
				BECD4BDD2468E45800DDBB36 /* UITabBarController+TabButtonType.h */,
				BECD4BDE2468E45800DDBB36 /* UITabBarController+TabButtonType.m */,
			);
			path = "分类";
			sourceTree = "<group>";
		};
		BEDC76D32463E5500041D862 /* 我的板块 */ = {
			isa = PBXGroup;
			children = (
				BEDC76D42463E5500041D862 /* model */,
				BEDC76D52463E5500041D862 /* view */,
				BEDC76D62463E5500041D862 /* viewcontroller */,
			);
			path = "我的板块";
			sourceTree = "<group>";
		};
		BEDC76D42463E5500041D862 /* model */ = {
			isa = PBXGroup;
			children = (
			);
			path = model;
			sourceTree = "<group>";
		};
		BEDC76D52463E5500041D862 /* view */ = {
			isa = PBXGroup;
			children = (
				BEDC77032463FF2D0041D862 /* TOMeHeaderView.h */,
				BEDC77042463FF2D0041D862 /* TOMeHeaderView.m */,
				BE59E33924652BB700B3524C /* TOMyWalletView.h */,
				BE59E33A24652BB700B3524C /* TOMyWalletView.m */,
				BE59E33C2465374400B3524C /* TOMyMemberView.h */,
				BE59E33D2465374400B3524C /* TOMyMemberView.m */,
				BE59E33F24653AB600B3524C /* TOMerchantBusinessView.h */,
				BE59E34024653AB600B3524C /* TOMerchantBusinessView.m */,
			);
			path = view;
			sourceTree = "<group>";
		};
		BEDC76D62463E5500041D862 /* viewcontroller */ = {
			isa = PBXGroup;
			children = (
				65CC72CC24670C4A000B2D61 /* 我的团队 */,
				65CC72C62467058C000B2D61 /* 我的钱包 */,
				65CC72B72466EC49000B2D61 /* 我的订单 */,
				BE79F9292466AA4E006545F2 /* 设置板块 */,
				BEDC76F82463ECC90041D862 /* TOMeViewController.h */,
				BEDC76F92463ECC90041D862 /* TOMeViewController.m */,
			);
			path = viewcontroller;
			sourceTree = "<group>";
		};
		BEDC76D72463E5500041D862 /* 消息板块 */ = {
			isa = PBXGroup;
			children = (
				65706C572465875F0087B6C1 /* view */,
				65706C542465875F0087B6C1 /* viewcontroller */,
			);
			path = "消息板块";
			sourceTree = "<group>";
		};
		BEDC76D82463E5500041D862 /* 登录板块 */ = {
			isa = PBXGroup;
			children = (
				BE79F91524667A1F006545F2 /* model */,
				BE79F90C24667652006545F2 /* view */,
				BE79F90D24667652006545F2 /* viewcontroller */,
			);
			path = "登录板块";
			sourceTree = "<group>";
		};
		BEDC76D92463E5500041D862 /* 福利板块 */ = {
			isa = PBXGroup;
			children = (
				BE59E3452465499D00B3524C /* view */,
				BEDC76EB2463EC5E0041D862 /* viewcontroller */,
			);
			path = "福利板块";
			sourceTree = "<group>";
		};
		BEDC76DA2463E5500041D862 /* 热卖板块 */ = {
			isa = PBXGroup;
			children = (
				65768F6A24684F9000A7E804 /* 创建订单 */,
				65768F5B24683A1200A7E804 /* 商品详情 */,
				BE59E352246559BA00B3524C /* view */,
				BEDC76F22463EC9F0041D862 /* viewcontroller */,
			);
			path = "热卖板块";
			sourceTree = "<group>";
		};
		BEDC76DB2463E5500041D862 /* 首页板块 */ = {
			isa = PBXGroup;
			children = (
				6564D31F2469869700EA23D8 /* 发红包 */,
				65B7C32024659E4C005FFD9C /* view */,
				BEDC76F32463ECA60041D862 /* viewcontroller */,
			);
			path = "首页板块";
			sourceTree = "<group>";
		};
		BEDC76DC2463E5700041D862 /* base */ = {
			isa = PBXGroup;
			children = (
				BEDC76DD2463E58B0041D862 /* TOBaseViewController.h */,
				BEDC76DE2463E58B0041D862 /* TOBaseViewController.m */,
				BE79F91224667A00006545F2 /* TOSingleton.h */,
				BE79F91324667A00006545F2 /* TOSingleton.m */,
			);
			path = base;
			sourceTree = "<group>";
		};
		BEDC76E02463E5DB0041D862 /* 工具类 */ = {
			isa = PBXGroup;
			children = (
				BECD4BDC2468E43600DDBB36 /* 分类 */,
				65CC72AB2466E0CA000B2D61 /* 常用view */,
				BE79F90E24667725006545F2 /* ZLTextField */,
				BE79F8FC24664EA4006545F2 /* QiCodeReader */,
				BE59E356246559FA00B3524C /* UICollectionView+ARDynamicHeightLayoutCell */,
				BEDC76E22463E5DB0041D862 /* UIResponder+deliver.h */,
				BEDC76E12463E5DB0041D862 /* UIResponder+deliver.m */,
				BE59E336246527B400B3524C /* TOUtils.h */,
				BE59E337246527B400B3524C /* TOUtils.m */,
				BE79F8F92466448F006545F2 /* UINavigationBar+iOS11Spacing.h */,
				BE79F8FA2466448F006545F2 /* UINavigationBar+iOS11Spacing.m */,
			);
			path = "工具类";
			sourceTree = "<group>";
		};
		BEDC76EB2463EC5E0041D862 /* viewcontroller */ = {
			isa = PBXGroup;
			children = (
				BEDC76EC2463EC810041D862 /* TOWelfareViewController.h */,
				BEDC76ED2463EC810041D862 /* TOWelfareViewController.m */,
				BE79F91C24668602006545F2 /* TORedViewController.h */,
				BE79F91D24668602006545F2 /* TORedViewController.m */,
			);
			path = viewcontroller;
			sourceTree = "<group>";
		};
		BEDC76F22463EC9F0041D862 /* viewcontroller */ = {
			isa = PBXGroup;
			children = (
				BEDC76FE2463ECE40041D862 /* TOHotViewController.h */,
				BEDC76FF2463ECE40041D862 /* TOHotViewController.m */,
			);
			path = viewcontroller;
			sourceTree = "<group>";
		};
		BEDC76F32463ECA60041D862 /* viewcontroller */ = {
			isa = PBXGroup;
			children = (
				BEDC76FB2463ECD90041D862 /* TOHomeViewController.h */,
				BEDC76FC2463ECD90041D862 /* TOHomeViewController.m */,
				BE79F90324664ED9006545F2 /* TOScanViewController.h */,
				BE79F90424664ED9006545F2 /* TOScanViewController.m */,
			);
			path = viewcontroller;
			sourceTree = "<group>";
		};
		BEFE386F24639CC0009B6DD3 = {
			isa = PBXGroup;
			children = (
				BEFE387A24639CC0009B6DD3 /* TenToOne */,
				BEFE389624639CC5009B6DD3 /* TenToOneTests */,
				BEFE38A124639CC5009B6DD3 /* TenToOneUITests */,
				BEFE387924639CC0009B6DD3 /* Products */,
				2A47B9C442A933E2F6562050 /* Pods */,
				ED6C028AC1B541FB288D4E92 /* Frameworks */,
			);
			sourceTree = "<group>";
		};
		BEFE387924639CC0009B6DD3 /* Products */ = {
			isa = PBXGroup;
			children = (
				BEFE387824639CC0009B6DD3 /* 奇十友.app */,
				BEFE389324639CC5009B6DD3 /* TenToOneTests.xctest */,
				BEFE389E24639CC5009B6DD3 /* TenToOneUITests.xctest */,
			);
			name = Products;
			sourceTree = "<group>";
		};
		BEFE387A24639CC0009B6DD3 /* TenToOne */ = {
			isa = PBXGroup;
			children = (
				BEDC77012463F4B60041D862 /* Main.storyboard */,
				BEDC76D82463E5500041D862 /* 登录板块 */,
				BEDC76D92463E5500041D862 /* 福利板块 */,
				BEDC76DA2463E5500041D862 /* 热卖板块 */,
				BEDC76DB2463E5500041D862 /* 首页板块 */,
				BEDC76D32463E5500041D862 /* 我的板块 */,
				BEDC76D72463E5500041D862 /* 消息板块 */,
				BEFE387B24639CC0009B6DD3 /* AppDelegate.h */,
				BEFE387C24639CC0009B6DD3 /* AppDelegate.m */,
				BEFE387E24639CC0009B6DD3 /* SceneDelegate.h */,
				BEFE387F24639CC0009B6DD3 /* SceneDelegate.m */,
				BEDC76E02463E5DB0041D862 /* 工具类 */,
				BEDC76DC2463E5700041D862 /* base */,
				BEFE388724639CC4009B6DD3 /* Assets.xcassets */,
				BEFE388924639CC4009B6DD3 /* LaunchScreen.storyboard */,
				BEFE388C24639CC4009B6DD3 /* Info.plist */,
				BEFE388D24639CC4009B6DD3 /* main.m */,
				BEDC76E42463E6670041D862 /* PrefixHeader.pch */,
				BEDC76E52463E9B30041D862 /* TOMainViewController.h */,
				BEDC76E62463E9B30041D862 /* TOMainViewController.m */,
				BEDC76E82463EBE90041D862 /* TOTabBarController.h */,
				BEDC76E92463EBE90041D862 /* TOTabBarController.m */,
				BE59E3422465430000B3524C /* TOTabBarController1.h */,
				BE59E3432465430000B3524C /* TOTabBarController1.m */,
			);
			path = TenToOne;
			sourceTree = "<group>";
		};
		BEFE389624639CC5009B6DD3 /* TenToOneTests */ = {
			isa = PBXGroup;
			children = (
				BEFE389724639CC5009B6DD3 /* TenToOneTests.m */,
				BEFE389924639CC5009B6DD3 /* Info.plist */,
			);
			path = TenToOneTests;
			sourceTree = "<group>";
		};
		BEFE38A124639CC5009B6DD3 /* TenToOneUITests */ = {
			isa = PBXGroup;
			children = (
				BEFE38A224639CC5009B6DD3 /* TenToOneUITests.m */,
				BEFE38A424639CC5009B6DD3 /* Info.plist */,
			);
			path = TenToOneUITests;
			sourceTree = "<group>";
		};
		ED6C028AC1B541FB288D4E92 /* Frameworks */ = {
			isa = PBXGroup;
			children = (
				283066B6D0F43245AE27F49F /* Pods_TenToOne.framework */,
			);
			name = Frameworks;
			sourceTree = "<group>";
		};
/* End PBXGroup section */

/* Begin PBXNativeTarget section */
		BEFE387724639CC0009B6DD3 /* TenToOne */ = {
			isa = PBXNativeTarget;
			buildConfigurationList = BEFE38A724639CC5009B6DD3 /* Build configuration list for PBXNativeTarget "TenToOne" */;
			buildPhases = (
				F2A7DA8427E5D3F16636BD06 /* [CP] Check Pods Manifest.lock */,
				BEFE387424639CC0009B6DD3 /* Sources */,
				BEFE387524639CC0009B6DD3 /* Frameworks */,
				BEFE387624639CC0009B6DD3 /* Resources */,
				8B97B7E518FA35DCCC9FB9CC /* [CP] Embed Pods Frameworks */,
				6AF8F97893C3C11937FC6403 /* [CP] Copy Pods Resources */,
			);
			buildRules = (
			);
			dependencies = (
			);
			name = TenToOne;
			productName = TenToOne;
			productReference = BEFE387824639CC0009B6DD3 /* 奇十友.app */;
			productType = "com.apple.product-type.application";
		};
		BEFE389224639CC5009B6DD3 /* TenToOneTests */ = {
			isa = PBXNativeTarget;
			buildConfigurationList = BEFE38AA24639CC5009B6DD3 /* Build configuration list for PBXNativeTarget "TenToOneTests" */;
			buildPhases = (
				BEFE388F24639CC5009B6DD3 /* Sources */,
				BEFE389024639CC5009B6DD3 /* Frameworks */,
				BEFE389124639CC5009B6DD3 /* Resources */,
			);
			buildRules = (
			);
			dependencies = (
				BEFE389524639CC5009B6DD3 /* PBXTargetDependency */,
			);
			name = TenToOneTests;
			productName = TenToOneTests;
			productReference = BEFE389324639CC5009B6DD3 /* TenToOneTests.xctest */;
			productType = "com.apple.product-type.bundle.unit-test";
		};
		BEFE389D24639CC5009B6DD3 /* TenToOneUITests */ = {
			isa = PBXNativeTarget;
			buildConfigurationList = BEFE38AD24639CC5009B6DD3 /* Build configuration list for PBXNativeTarget "TenToOneUITests" */;
			buildPhases = (
				BEFE389A24639CC5009B6DD3 /* Sources */,
				BEFE389B24639CC5009B6DD3 /* Frameworks */,
				BEFE389C24639CC5009B6DD3 /* Resources */,
			);
			buildRules = (
			);
			dependencies = (
				BEFE38A024639CC5009B6DD3 /* PBXTargetDependency */,
			);
			name = TenToOneUITests;
			productName = TenToOneUITests;
			productReference = BEFE389E24639CC5009B6DD3 /* TenToOneUITests.xctest */;
			productType = "com.apple.product-type.bundle.ui-testing";
		};
/* End PBXNativeTarget section */

/* Begin PBXProject section */
		BEFE387024639CC0009B6DD3 /* Project object */ = {
			isa = PBXProject;
			attributes = {
				CLASSPREFIX = TO;
				LastUpgradeCheck = 1140;
				ORGANIZATIONNAME = "zhaoliang chen";
				TargetAttributes = {
					BEFE387724639CC0009B6DD3 = {
						CreatedOnToolsVersion = 11.4.1;
					};
					BEFE389224639CC5009B6DD3 = {
						CreatedOnToolsVersion = 11.4.1;
						TestTargetID = BEFE387724639CC0009B6DD3;
					};
					BEFE389D24639CC5009B6DD3 = {
						CreatedOnToolsVersion = 11.4.1;
						TestTargetID = BEFE387724639CC0009B6DD3;
					};
				};
			};
			buildConfigurationList = BEFE387324639CC0009B6DD3 /* Build configuration list for PBXProject "TenToOne" */;
			compatibilityVersion = "Xcode 9.3";
			developmentRegion = en;
			hasScannedForEncodings = 0;
			knownRegions = (
				en,
				Base,
			);
			mainGroup = BEFE386F24639CC0009B6DD3;
			productRefGroup = BEFE387924639CC0009B6DD3 /* Products */;
			projectDirPath = "";
			projectRoot = "";
			targets = (
				BEFE387724639CC0009B6DD3 /* TenToOne */,
				BEFE389224639CC5009B6DD3 /* TenToOneTests */,
				BEFE389D24639CC5009B6DD3 /* TenToOneUITests */,
			);
		};
/* End PBXProject section */

/* Begin PBXResourcesBuildPhase section */
		BEFE387624639CC0009B6DD3 /* Resources */ = {
			isa = PBXResourcesBuildPhase;
			buildActionMask = 2147483647;
			files = (
				BEDC77022463F4B60041D862 /* Main.storyboard in Resources */,
				BEFE388B24639CC4009B6DD3 /* LaunchScreen.storyboard in Resources */,
				BEFE388824639CC4009B6DD3 /* Assets.xcassets in Resources */,
			);
			runOnlyForDeploymentPostprocessing = 0;
		};
		BEFE389124639CC5009B6DD3 /* Resources */ = {
			isa = PBXResourcesBuildPhase;
			buildActionMask = 2147483647;
			files = (
			);
			runOnlyForDeploymentPostprocessing = 0;
		};
		BEFE389C24639CC5009B6DD3 /* Resources */ = {
			isa = PBXResourcesBuildPhase;
			buildActionMask = 2147483647;
			files = (
			);
			runOnlyForDeploymentPostprocessing = 0;
		};
/* End PBXResourcesBuildPhase section */

/* Begin PBXShellScriptBuildPhase section */
		6AF8F97893C3C11937FC6403 /* [CP] Copy Pods Resources */ = {
			isa = PBXShellScriptBuildPhase;
			buildActionMask = 2147483647;
			files = (
			);
			inputFileListPaths = (
				"${PODS_ROOT}/Target Support Files/Pods-TenToOne/Pods-TenToOne-resources-${CONFIGURATION}-input-files.xcfilelist",
			);
			name = "[CP] Copy Pods Resources";
			outputFileListPaths = (
				"${PODS_ROOT}/Target Support Files/Pods-TenToOne/Pods-TenToOne-resources-${CONFIGURATION}-output-files.xcfilelist",
			);
			runOnlyForDeploymentPostprocessing = 0;
			shellPath = /bin/sh;
			shellScript = "\"${PODS_ROOT}/Target Support Files/Pods-TenToOne/Pods-TenToOne-resources.sh\"\n";
			showEnvVarsInLog = 0;
		};
		8B97B7E518FA35DCCC9FB9CC /* [CP] Embed Pods Frameworks */ = {
			isa = PBXShellScriptBuildPhase;
			buildActionMask = 2147483647;
			files = (
			);
			inputFileListPaths = (
				"${PODS_ROOT}/Target Support Files/Pods-TenToOne/Pods-TenToOne-frameworks-${CONFIGURATION}-input-files.xcfilelist",
			);
			name = "[CP] Embed Pods Frameworks";
			outputFileListPaths = (
				"${PODS_ROOT}/Target Support Files/Pods-TenToOne/Pods-TenToOne-frameworks-${CONFIGURATION}-output-files.xcfilelist",
			);
			runOnlyForDeploymentPostprocessing = 0;
			shellPath = /bin/sh;
			shellScript = "\"${PODS_ROOT}/Target Support Files/Pods-TenToOne/Pods-TenToOne-frameworks.sh\"\n";
			showEnvVarsInLog = 0;
		};
		F2A7DA8427E5D3F16636BD06 /* [CP] Check Pods Manifest.lock */ = {
			isa = PBXShellScriptBuildPhase;
			buildActionMask = 2147483647;
			files = (
			);
			inputFileListPaths = (
			);
			inputPaths = (
				"${PODS_PODFILE_DIR_PATH}/Podfile.lock",
				"${PODS_ROOT}/Manifest.lock",
			);
			name = "[CP] Check Pods Manifest.lock";
			outputFileListPaths = (
			);
			outputPaths = (
				"$(DERIVED_FILE_DIR)/Pods-TenToOne-checkManifestLockResult.txt",
			);
			runOnlyForDeploymentPostprocessing = 0;
			shellPath = /bin/sh;
			shellScript = "diff \"${PODS_PODFILE_DIR_PATH}/Podfile.lock\" \"${PODS_ROOT}/Manifest.lock\" > /dev/null\nif [ $? != 0 ] ; then\n    # print error to STDERR\n    echo \"error: The sandbox is not in sync with the Podfile.lock. Run 'pod install' or update your CocoaPods installation.\" >&2\n    exit 1\nfi\n# This output is used by Xcode 'outputs' to avoid re-running this script phase.\necho \"SUCCESS\" > \"${SCRIPT_OUTPUT_FILE_0}\"\n";
			showEnvVarsInLog = 0;
		};
/* End PBXShellScriptBuildPhase section */

/* Begin PBXSourcesBuildPhase section */
		BEFE387424639CC0009B6DD3 /* Sources */ = {
			isa = PBXSourcesBuildPhase;
			buildActionMask = 2147483647;
			files = (
				65768F662468409900A7E804 /* TOBannerCell.m in Sources */,
				6564D3272469870A00EA23D8 /* TOSendRedViewController.m in Sources */,
				BE79F90824665765006545F2 /* TOHomeNavbar.m in Sources */,
				BEDC77002463ECE40041D862 /* TOHotViewController.m in Sources */,
				65706C5B246587780087B6C1 /* TOMessageCell.m in Sources */,
				6564D33024699E6300EA23D8 /* TOSendObjectCell.m in Sources */,
				BE79F91124667740006545F2 /* ZLTextField.m in Sources */,
				BE79F91424667A00006545F2 /* TOSingleton.m in Sources */,
				BE79F9352466AEE7006545F2 /* TOAddressCell.m in Sources */,
				BECD4BF124691FF800DDBB36 /* zhImageButton.m in Sources */,
				BE59E348246549EE00B3524C /* TOWelfareHeader.m in Sources */,
				BECD4BE22468EB3F00DDBB36 /* TOOrderGoodInfoView.m in Sources */,
				BEDC76FA2463ECC90041D862 /* TOMeViewController.m in Sources */,
				65768F69246843C700A7E804 /* TOGoodTitleView.m in Sources */,
				65CC72AE2466E0CA000B2D61 /* TOTitleView.m in Sources */,
				65CC72B62466E2D7000B2D61 /* TOPushManageViewController.m in Sources */,
				BECD4BEB2468F36600DDBB36 /* TOOrderOtherView.m in Sources */,
				65CC72C22466F185000B2D61 /* TOOrderListViewController.m in Sources */,
				BE79F90124664EA4006545F2 /* QiCodePreviewView.m in Sources */,
				BEDC77052463FF2D0041D862 /* TOMeHeaderView.m in Sources */,
				BE79F8FB2466448F006545F2 /* UINavigationBar+iOS11Spacing.m in Sources */,
				65CC72AA2466DF89000B2D61 /* TONewAddressViewController.m in Sources */,
				BEDC76E32463E5DB0041D862 /* UIResponder+deliver.m in Sources */,
				65CC72D424670CA6000B2D61 /* TOMyTeamTopView.m in Sources */,
				6564D32A246990BF00EA23D8 /* TORedPhotoCell.m in Sources */,
				BE59E34E246552E700B3524C /* TOFreeCell.m in Sources */,
				BEDC76EA2463EBE90041D862 /* TOTabBarController.m in Sources */,
				65768F6024683B1900A7E804 /* TOGoodDetailViewController.m in Sources */,
				6564D324246986F600EA23D8 /* TOSendRedHeader.m in Sources */,
				65CC72BF2466EC71000B2D61 /* TOOrderCell.m in Sources */,
				BE79F91E24668602006545F2 /* TORedViewController.m in Sources */,
				65CC72CB246705A4000B2D61 /* TOMyWallerViewController.m in Sources */,
				BECD4BE82468F12500DDBB36 /* TOInputView.m in Sources */,
				BE59E359246559FA00B3524C /* UICollectionView+ARDynamicCacheHeightLayoutCell.m in Sources */,
				65768F752468553300A7E804 /* TOOrderAddressView.m in Sources */,
				65768F722468529F00A7E804 /* TOCreateOrderViewController.m in Sources */,
				65B7C32324659E7C005FFD9C /* TORegionView.m in Sources */,
				BE79F90B2466764A006545F2 /* TOLoginViewController.m in Sources */,
				BEDC76FD2463ECD90041D862 /* TOHomeViewController.m in Sources */,
				BE79F9322466AECC006545F2 /* TOMyAddressViewController.m in Sources */,
				BEDC76EE2463EC810041D862 /* TOWelfareViewController.m in Sources */,
				BE59E34B2465518700B3524C /* TOWalfareContentView.m in Sources */,
				BE59E33E2465374400B3524C /* TOMyMemberView.m in Sources */,
				65768F6F24684FAE00A7E804 /* TOSpecificationView.m in Sources */,
				BE59E355246559D100B3524C /* TOHotCell.m in Sources */,
				BEFE387D24639CC0009B6DD3 /* AppDelegate.m in Sources */,
				6564D32D24699E1C00EA23D8 /* TOChooseSendObjectViewController.m in Sources */,
				BE79F92424669691006545F2 /* TOUserCell.m in Sources */,
				65768F6324683DE700A7E804 /* TOTitleView1.m in Sources */,
				BEFE388E24639CC4009B6DD3 /* main.m in Sources */,
				BE79F92C2466AA64006545F2 /* TOSettingViewController.m in Sources */,
				BE59E351246553D500B3524C /* TOFreeHeader.m in Sources */,
				BEFE388024639CC0009B6DD3 /* SceneDelegate.m in Sources */,
				BE59E34124653AB600B3524C /* TOMerchantBusinessView.m in Sources */,
				65CC72B12466E0DC000B2D61 /* TOSwitchView.m in Sources */,
				BEDC76DF2463E58B0041D862 /* TOBaseViewController.m in Sources */,
				BE79F90224664EA4006545F2 /* QiCodeManager.m in Sources */,
				BE79F91824667A35006545F2 /* TOUserModel.m in Sources */,
				BECD4BDF2468E45800DDBB36 /* UITabBarController+TabButtonType.m in Sources */,
				65CC72D124670C5E000B2D61 /* TOMyTeamViewController.m in Sources */,
				65706C582465875F0087B6C1 /* TOMessageViewController.m in Sources */,
				65CC72C52466FD00000B2D61 /* ZLButton.m in Sources */,
				BECD4BEE2468FF7F00DDBB36 /* TOShareView.m in Sources */,
				BE59E33B24652BB700B3524C /* TOMyWalletView.m in Sources */,
				65CC72BC2466EC58000B2D61 /* TOMyOrderViewController.m in Sources */,
				BE59E3442465430000B3524C /* TOTabBarController1.m in Sources */,
				BE79F92124668618006545F2 /* TORedView.m in Sources */,
				BECD4BE52468EF6800DDBB36 /* TOOrderGoodSpacView.m in Sources */,
				BE59E338246527B400B3524C /* TOUtils.m in Sources */,
				BE79F90524664ED9006545F2 /* TOScanViewController.m in Sources */,
				BE79F9282466A069006545F2 /* TORedTopView.m in Sources */,
				BE79F91B24667EC3006545F2 /* TOVerifyViewController.m in Sources */,
				BEDC76E72463E9B30041D862 /* TOMainViewController.m in Sources */,
			);
			runOnlyForDeploymentPostprocessing = 0;
		};
		BEFE388F24639CC5009B6DD3 /* Sources */ = {
			isa = PBXSourcesBuildPhase;
			buildActionMask = 2147483647;
			files = (
				BEFE389824639CC5009B6DD3 /* TenToOneTests.m in Sources */,
			);
			runOnlyForDeploymentPostprocessing = 0;
		};
		BEFE389A24639CC5009B6DD3 /* Sources */ = {
			isa = PBXSourcesBuildPhase;
			buildActionMask = 2147483647;
			files = (
				BEFE38A324639CC5009B6DD3 /* TenToOneUITests.m in Sources */,
			);
			runOnlyForDeploymentPostprocessing = 0;
		};
/* End PBXSourcesBuildPhase section */

/* Begin PBXTargetDependency section */
		BEFE389524639CC5009B6DD3 /* PBXTargetDependency */ = {
			isa = PBXTargetDependency;
			target = BEFE387724639CC0009B6DD3 /* TenToOne */;
			targetProxy = BEFE389424639CC5009B6DD3 /* PBXContainerItemProxy */;
		};
		BEFE38A024639CC5009B6DD3 /* PBXTargetDependency */ = {
			isa = PBXTargetDependency;
			target = BEFE387724639CC0009B6DD3 /* TenToOne */;
			targetProxy = BEFE389F24639CC5009B6DD3 /* PBXContainerItemProxy */;
		};
/* End PBXTargetDependency section */

/* Begin PBXVariantGroup section */
		BEFE388924639CC4009B6DD3 /* LaunchScreen.storyboard */ = {
			isa = PBXVariantGroup;
			children = (
				BEFE388A24639CC4009B6DD3 /* Base */,
			);
			name = LaunchScreen.storyboard;
			sourceTree = "<group>";
		};
/* End PBXVariantGroup section */

/* Begin XCBuildConfiguration section */
		BEFE38A524639CC5009B6DD3 /* Debug */ = {
			isa = XCBuildConfiguration;
			buildSettings = {
				ALWAYS_SEARCH_USER_PATHS = NO;
				CLANG_ANALYZER_NONNULL = YES;
				CLANG_ANALYZER_NUMBER_OBJECT_CONVERSION = YES_AGGRESSIVE;
				CLANG_CXX_LANGUAGE_STANDARD = "gnu++14";
				CLANG_CXX_LIBRARY = "libc++";
				CLANG_ENABLE_MODULES = YES;
				CLANG_ENABLE_OBJC_ARC = YES;
				CLANG_ENABLE_OBJC_WEAK = YES;
				CLANG_WARN_BLOCK_CAPTURE_AUTORELEASING = YES;
				CLANG_WARN_BOOL_CONVERSION = YES;
				CLANG_WARN_COMMA = YES;
				CLANG_WARN_CONSTANT_CONVERSION = YES;
				CLANG_WARN_DEPRECATED_OBJC_IMPLEMENTATIONS = YES;
				CLANG_WARN_DIRECT_OBJC_ISA_USAGE = YES_ERROR;
				CLANG_WARN_DOCUMENTATION_COMMENTS = YES;
				CLANG_WARN_EMPTY_BODY = YES;
				CLANG_WARN_ENUM_CONVERSION = YES;
				CLANG_WARN_INFINITE_RECURSION = YES;
				CLANG_WARN_INT_CONVERSION = YES;
				CLANG_WARN_NON_LITERAL_NULL_CONVERSION = YES;
				CLANG_WARN_OBJC_IMPLICIT_RETAIN_SELF = YES;
				CLANG_WARN_OBJC_LITERAL_CONVERSION = YES;
				CLANG_WARN_OBJC_ROOT_CLASS = YES_ERROR;
				CLANG_WARN_RANGE_LOOP_ANALYSIS = YES;
				CLANG_WARN_STRICT_PROTOTYPES = YES;
				CLANG_WARN_SUSPICIOUS_MOVE = YES;
				CLANG_WARN_UNGUARDED_AVAILABILITY = YES_AGGRESSIVE;
				CLANG_WARN_UNREACHABLE_CODE = YES;
				CLANG_WARN__DUPLICATE_METHOD_MATCH = YES;
				COPY_PHASE_STRIP = NO;
				DEBUG_INFORMATION_FORMAT = dwarf;
				ENABLE_STRICT_OBJC_MSGSEND = YES;
				ENABLE_TESTABILITY = YES;
				GCC_C_LANGUAGE_STANDARD = gnu11;
				GCC_DYNAMIC_NO_PIC = NO;
				GCC_NO_COMMON_BLOCKS = YES;
				GCC_OPTIMIZATION_LEVEL = 0;
				GCC_PREPROCESSOR_DEFINITIONS = (
					"DEBUG=1",
					"$(inherited)",
				);
				GCC_WARN_64_TO_32_BIT_CONVERSION = YES;
				GCC_WARN_ABOUT_RETURN_TYPE = YES_ERROR;
				GCC_WARN_UNDECLARED_SELECTOR = YES;
				GCC_WARN_UNINITIALIZED_AUTOS = YES_AGGRESSIVE;
				GCC_WARN_UNUSED_FUNCTION = YES;
				GCC_WARN_UNUSED_VARIABLE = YES;
				IPHONEOS_DEPLOYMENT_TARGET = 13.4;
				MTL_ENABLE_DEBUG_INFO = INCLUDE_SOURCE;
				MTL_FAST_MATH = YES;
				ONLY_ACTIVE_ARCH = YES;
				SDKROOT = iphoneos;
			};
			name = Debug;
		};
		BEFE38A624639CC5009B6DD3 /* Release */ = {
			isa = XCBuildConfiguration;
			buildSettings = {
				ALWAYS_SEARCH_USER_PATHS = NO;
				CLANG_ANALYZER_NONNULL = YES;
				CLANG_ANALYZER_NUMBER_OBJECT_CONVERSION = YES_AGGRESSIVE;
				CLANG_CXX_LANGUAGE_STANDARD = "gnu++14";
				CLANG_CXX_LIBRARY = "libc++";
				CLANG_ENABLE_MODULES = YES;
				CLANG_ENABLE_OBJC_ARC = YES;
				CLANG_ENABLE_OBJC_WEAK = YES;
				CLANG_WARN_BLOCK_CAPTURE_AUTORELEASING = YES;
				CLANG_WARN_BOOL_CONVERSION = YES;
				CLANG_WARN_COMMA = YES;
				CLANG_WARN_CONSTANT_CONVERSION = YES;
				CLANG_WARN_DEPRECATED_OBJC_IMPLEMENTATIONS = YES;
				CLANG_WARN_DIRECT_OBJC_ISA_USAGE = YES_ERROR;
				CLANG_WARN_DOCUMENTATION_COMMENTS = YES;
				CLANG_WARN_EMPTY_BODY = YES;
				CLANG_WARN_ENUM_CONVERSION = YES;
				CLANG_WARN_INFINITE_RECURSION = YES;
				CLANG_WARN_INT_CONVERSION = YES;
				CLANG_WARN_NON_LITERAL_NULL_CONVERSION = YES;
				CLANG_WARN_OBJC_IMPLICIT_RETAIN_SELF = YES;
				CLANG_WARN_OBJC_LITERAL_CONVERSION = YES;
				CLANG_WARN_OBJC_ROOT_CLASS = YES_ERROR;
				CLANG_WARN_RANGE_LOOP_ANALYSIS = YES;
				CLANG_WARN_STRICT_PROTOTYPES = YES;
				CLANG_WARN_SUSPICIOUS_MOVE = YES;
				CLANG_WARN_UNGUARDED_AVAILABILITY = YES_AGGRESSIVE;
				CLANG_WARN_UNREACHABLE_CODE = YES;
				CLANG_WARN__DUPLICATE_METHOD_MATCH = YES;
				COPY_PHASE_STRIP = NO;
				DEBUG_INFORMATION_FORMAT = "dwarf-with-dsym";
				ENABLE_NS_ASSERTIONS = NO;
				ENABLE_STRICT_OBJC_MSGSEND = YES;
				GCC_C_LANGUAGE_STANDARD = gnu11;
				GCC_NO_COMMON_BLOCKS = YES;
				GCC_WARN_64_TO_32_BIT_CONVERSION = YES;
				GCC_WARN_ABOUT_RETURN_TYPE = YES_ERROR;
				GCC_WARN_UNDECLARED_SELECTOR = YES;
				GCC_WARN_UNINITIALIZED_AUTOS = YES_AGGRESSIVE;
				GCC_WARN_UNUSED_FUNCTION = YES;
				GCC_WARN_UNUSED_VARIABLE = YES;
				IPHONEOS_DEPLOYMENT_TARGET = 13.4;
				MTL_ENABLE_DEBUG_INFO = NO;
				MTL_FAST_MATH = YES;
				SDKROOT = iphoneos;
				VALIDATE_PRODUCT = YES;
			};
			name = Release;
		};
		BEFE38A824639CC5009B6DD3 /* Debug */ = {
			isa = XCBuildConfiguration;
			baseConfigurationReference = F72412F439DC99EC5956BA76 /* Pods-TenToOne.debug.xcconfig */;
			buildSettings = {
				ASSETCATALOG_COMPILER_APPICON_NAME = AppIcon;
				CODE_SIGN_STYLE = Automatic;
				DEVELOPMENT_TEAM = SGRM3SK667;
				GCC_PREFIX_HEADER = "$(SRCROOT)/TenToOne/PrefixHeader.pch";
				INFOPLIST_FILE = TenToOne/Info.plist;
				IPHONEOS_DEPLOYMENT_TARGET = 13.4;
				LD_RUNPATH_SEARCH_PATHS = (
					"$(inherited)",
					"@executable_path/Frameworks",
				);
				PRODUCT_BUNDLE_IDENTIFIER = com.github.TenToOne;
				PRODUCT_NAME = "奇十友";
				TARGETED_DEVICE_FAMILY = "1,2";
			};
			name = Debug;
		};
		BEFE38A924639CC5009B6DD3 /* Release */ = {
			isa = XCBuildConfiguration;
			baseConfigurationReference = 684F99793778088B742E8D2E /* Pods-TenToOne.release.xcconfig */;
			buildSettings = {
				ASSETCATALOG_COMPILER_APPICON_NAME = AppIcon;
				CODE_SIGN_STYLE = Automatic;
				DEVELOPMENT_TEAM = SGRM3SK667;
				GCC_PREFIX_HEADER = "$(SRCROOT)/TenToOne/PrefixHeader.pch";
				INFOPLIST_FILE = TenToOne/Info.plist;
				IPHONEOS_DEPLOYMENT_TARGET = 13.4;
				LD_RUNPATH_SEARCH_PATHS = (
					"$(inherited)",
					"@executable_path/Frameworks",
				);
				PRODUCT_BUNDLE_IDENTIFIER = com.github.TenToOne;
				PRODUCT_NAME = "奇十友";
				TARGETED_DEVICE_FAMILY = "1,2";
			};
			name = Release;
		};
		BEFE38AB24639CC5009B6DD3 /* Debug */ = {
			isa = XCBuildConfiguration;
			buildSettings = {
				BUNDLE_LOADER = "$(TEST_HOST)";
				CODE_SIGN_STYLE = Automatic;
				INFOPLIST_FILE = TenToOneTests/Info.plist;
				IPHONEOS_DEPLOYMENT_TARGET = 13.4;
				LD_RUNPATH_SEARCH_PATHS = (
					"$(inherited)",
					"@executable_path/Frameworks",
					"@loader_path/Frameworks",
				);
				PRODUCT_BUNDLE_IDENTIFIER = com.github.TenToOneTests;
				PRODUCT_NAME = "$(TARGET_NAME)";
				TARGETED_DEVICE_FAMILY = "1,2";
				TEST_HOST = "$(BUILT_PRODUCTS_DIR)/TenToOne.app/TenToOne";
			};
			name = Debug;
		};
		BEFE38AC24639CC5009B6DD3 /* Release */ = {
			isa = XCBuildConfiguration;
			buildSettings = {
				BUNDLE_LOADER = "$(TEST_HOST)";
				CODE_SIGN_STYLE = Automatic;
				INFOPLIST_FILE = TenToOneTests/Info.plist;
				IPHONEOS_DEPLOYMENT_TARGET = 13.4;
				LD_RUNPATH_SEARCH_PATHS = (
					"$(inherited)",
					"@executable_path/Frameworks",
					"@loader_path/Frameworks",
				);
				PRODUCT_BUNDLE_IDENTIFIER = com.github.TenToOneTests;
				PRODUCT_NAME = "$(TARGET_NAME)";
				TARGETED_DEVICE_FAMILY = "1,2";
				TEST_HOST = "$(BUILT_PRODUCTS_DIR)/TenToOne.app/TenToOne";
			};
			name = Release;
		};
		BEFE38AE24639CC5009B6DD3 /* Debug */ = {
			isa = XCBuildConfiguration;
			buildSettings = {
				CODE_SIGN_STYLE = Automatic;
				INFOPLIST_FILE = TenToOneUITests/Info.plist;
				LD_RUNPATH_SEARCH_PATHS = (
					"$(inherited)",
					"@executable_path/Frameworks",
					"@loader_path/Frameworks",
				);
				PRODUCT_BUNDLE_IDENTIFIER = com.github.TenToOneUITests;
				PRODUCT_NAME = "$(TARGET_NAME)";
				TARGETED_DEVICE_FAMILY = "1,2";
				TEST_TARGET_NAME = TenToOne;
			};
			name = Debug;
		};
		BEFE38AF24639CC5009B6DD3 /* Release */ = {
			isa = XCBuildConfiguration;
			buildSettings = {
				CODE_SIGN_STYLE = Automatic;
				INFOPLIST_FILE = TenToOneUITests/Info.plist;
				LD_RUNPATH_SEARCH_PATHS = (
					"$(inherited)",
					"@executable_path/Frameworks",
					"@loader_path/Frameworks",
				);
				PRODUCT_BUNDLE_IDENTIFIER = com.github.TenToOneUITests;
				PRODUCT_NAME = "$(TARGET_NAME)";
				TARGETED_DEVICE_FAMILY = "1,2";
				TEST_TARGET_NAME = TenToOne;
			};
			name = Release;
		};
/* End XCBuildConfiguration section */

/* Begin XCConfigurationList section */
		BEFE387324639CC0009B6DD3 /* Build configuration list for PBXProject "TenToOne" */ = {
			isa = XCConfigurationList;
			buildConfigurations = (
				BEFE38A524639CC5009B6DD3 /* Debug */,
				BEFE38A624639CC5009B6DD3 /* Release */,
			);
			defaultConfigurationIsVisible = 0;
			defaultConfigurationName = Release;
		};
		BEFE38A724639CC5009B6DD3 /* Build configuration list for PBXNativeTarget "TenToOne" */ = {
			isa = XCConfigurationList;
			buildConfigurations = (
				BEFE38A824639CC5009B6DD3 /* Debug */,
				BEFE38A924639CC5009B6DD3 /* Release */,
			);
			defaultConfigurationIsVisible = 0;
			defaultConfigurationName = Release;
		};
		BEFE38AA24639CC5009B6DD3 /* Build configuration list for PBXNativeTarget "TenToOneTests" */ = {
			isa = XCConfigurationList;
			buildConfigurations = (
				BEFE38AB24639CC5009B6DD3 /* Debug */,
				BEFE38AC24639CC5009B6DD3 /* Release */,
			);
			defaultConfigurationIsVisible = 0;
			defaultConfigurationName = Release;
		};
		BEFE38AD24639CC5009B6DD3 /* Build configuration list for PBXNativeTarget "TenToOneUITests" */ = {
			isa = XCConfigurationList;
			buildConfigurations = (
				BEFE38AE24639CC5009B6DD3 /* Debug */,
				BEFE38AF24639CC5009B6DD3 /* Release */,
			);
			defaultConfigurationIsVisible = 0;
			defaultConfigurationName = Release;
		};
/* End XCConfigurationList section */
	};
	rootObject = BEFE387024639CC0009B6DD3 /* Project object */;
}
